Microsoft Visual Studio Solution File, Format Version 7.00
Project("{8BC9CEB8-8B4A-11D0-8D11-00A0C91BC942}") = "ServantModule", "ServantModule\ServantModule.vcproj", "{7F4A7EB3-0C49-49DA-99A2-3088BE6DC0F3}"
EndProject
Project("{8BC9CEB8-8B4A-11D0-8D11-00A0C91BC942}") = "ExecutorModule", "ExecutorModule\ExecutorModule.vcproj", "{076BAC7F-8381-445E-A348-F9075C773370}"
EndProject
Project("{8BC9CEB8-8B4A-11D0-8D11-00A0C91BC942}") = "IDL", "IDL\IDL.vcproj", "{397AE30F-7FBD-4E6D-BEC0-48E8F27C09CE}"
EndProject
Project("{8BC9CEB8-8B4A-11D0-8D11-00A0C91BC942}") = "TestClient", "TestClient\TestClient.vcproj", "{45A9508F-EA26-467D-8A8B-2B5EDF1ED55E}"
EndProject
Project("{8BC9CEB8-8B4A-11D0-8D11-00A0C91BC942}") = "Assembly", "Assembly\Assembly.vcproj", "{F8A40459-5956-49BE-8644-ECF79CC7DC10}"
EndProject
Global
	GlobalSection(SolutionConfiguration) = preSolution
		ConfigName.0 = Debug
		ConfigName.1 = Debug_orbacus
		ConfigName.2 = Release
		ConfigName.3 = Release_orbacus
	EndGlobalSection
	GlobalSection(ProjectDependencies) = postSolution
		{7F4A7EB3-0C49-49DA-99A2-3088BE6DC0F3}.0 = {397AE30F-7FBD-4E6D-BEC0-48E8F27C09CE}
		{076BAC7F-8381-445E-A348-F9075C773370}.0 = {397AE30F-7FBD-4E6D-BEC0-48E8F27C09CE}
		{45A9508F-EA26-467D-8A8B-2B5EDF1ED55E}.0 = {397AE30F-7FBD-4E6D-BEC0-48E8F27C09CE}
		{F8A40459-5956-49BE-8644-ECF79CC7DC10}.0 = {076BAC7F-8381-445E-A348-F9075C773370}
	EndGlobalSection
	GlobalSection(ProjectConfiguration) = postSolution
		{7F4A7EB3-0C49-49DA-99A2-3088BE6DC0F3}.Debug.ActiveCfg = Debug|Win32
		{7F4A7EB3-0C49-49DA-99A2-3088BE6DC0F3}.Debug.Build.0 = Debug|Win32
		{7F4A7EB3-0C49-49DA-99A2-3088BE6DC0F3}.Debug_orbacus.ActiveCfg = Debug_orbacus|Win32
		{7F4A7EB3-0C49-49DA-99A2-3088BE6DC0F3}.Debug_orbacus.Build.0 = Debug_orbacus|Win32
		{7F4A7EB3-0C49-49DA-99A2-3088BE6DC0F3}.Release.ActiveCfg = Release|Win32
		{7F4A7EB3-0C49-49DA-99A2-3088BE6DC0F3}.Release.Build.0 = Release|Win32
		{7F4A7EB3-0C49-49DA-99A2-3088BE6DC0F3}.Release_orbacus.ActiveCfg = Release_orbacus|Win32
		{7F4A7EB3-0C49-49DA-99A2-3088BE6DC0F3}.Release_orbacus.Build.0 = Release_orbacus|Win32
		{076BAC7F-8381-445E-A348-F9075C773370}.Debug.ActiveCfg = Debug|Win32
		{076BAC7F-8381-445E-A348-F9075C773370}.Debug.Build.0 = Debug|Win32
		{076BAC7F-8381-445E-A348-F9075C773370}.Debug_orbacus.ActiveCfg = Debug_orbacus|Win32
		{076BAC7F-8381-445E-A348-F9075C773370}.Debug_orbacus.Build.0 = Debug_orbacus|Win32
		{076BAC7F-8381-445E-A348-F9075C773370}.Release.ActiveCfg = Release|Win32
		{076BAC7F-8381-445E-A348-F9075C773370}.Release.Build.0 = Release|Win32
		{076BAC7F-8381-445E-A348-F9075C773370}.Release_orbacus.ActiveCfg = Release_orbacus|Win32
		{076BAC7F-8381-445E-A348-F9075C773370}.Release_orbacus.Build.0 = Release_orbacus|Win32
		{397AE30F-7FBD-4E6D-BEC0-48E8F27C09CE}.Debug.ActiveCfg = Debug|Win32
		{397AE30F-7FBD-4E6D-BEC0-48E8F27C09CE}.Debug.Build.0 = Debug|Win32
		{397AE30F-7FBD-4E6D-BEC0-48E8F27C09CE}.Debug_orbacus.ActiveCfg = Debug_orbacus|Win32
		{397AE30F-7FBD-4E6D-BEC0-48E8F27C09CE}.Debug_orbacus.Build.0 = Debug_orbacus|Win32
		{397AE30F-7FBD-4E6D-BEC0-48E8F27C09CE}.Release.ActiveCfg = Release|Win32
		{397AE30F-7FBD-4E6D-BEC0-48E8F27C09CE}.Release.Build.0 = Release|Win32
		{397AE30F-7FBD-4E6D-BEC0-48E8F27C09CE}.Release_orbacus.ActiveCfg = Release_orbacus|Win32
		{397AE30F-7FBD-4E6D-BEC0-48E8F27C09CE}.Release_orbacus.Build.0 = Release_orbacus|Win32
		{45A9508F-EA26-467D-8A8B-2B5EDF1ED55E}.Debug.ActiveCfg = Debug|Win32
		{45A9508F-EA26-467D-8A8B-2B5EDF1ED55E}.Debug.Build.0 = Debug|Win32
		{45A9508F-EA26-467D-8A8B-2B5EDF1ED55E}.Debug_orbacus.ActiveCfg = Debug_orbacus|Win32
		{45A9508F-EA26-467D-8A8B-2B5EDF1ED55E}.Debug_orbacus.Build.0 = Debug_orbacus|Win32
		{45A9508F-EA26-467D-8A8B-2B5EDF1ED55E}.Release.ActiveCfg = Release|Win32
		{45A9508F-EA26-467D-8A8B-2B5EDF1ED55E}.Release.Build.0 = Release|Win32
		{45A9508F-EA26-467D-8A8B-2B5EDF1ED55E}.Release_orbacus.ActiveCfg = Release_orbacus|Win32
		{45A9508F-EA26-467D-8A8B-2B5EDF1ED55E}.Release_orbacus.Build.0 = Release_orbacus|Win32
		{F8A40459-5956-49BE-8644-ECF79CC7DC10}.Debug.ActiveCfg = Debug|Win32
		{F8A40459-5956-49BE-8644-ECF79CC7DC10}.Debug.Build.0 = Debug|Win32
		{F8A40459-5956-49BE-8644-ECF79CC7DC10}.Debug_orbacus.ActiveCfg = Debug_orbacus|Win32
		{F8A40459-5956-49BE-8644-ECF79CC7DC10}.Debug_orbacus.Build.0 = Debug_orbacus|Win32
		{F8A40459-5956-49BE-8644-ECF79CC7DC10}.Release.ActiveCfg = Release|Win32
		{F8A40459-5956-49BE-8644-ECF79CC7DC10}.Release.Build.0 = Release|Win32
		{F8A40459-5956-49BE-8644-ECF79CC7DC10}.Release_orbacus.ActiveCfg = Release_orbacus|Win32
		{F8A40459-5956-49BE-8644-ECF79CC7DC10}.Release_orbacus.Build.0 = Release_orbacus|Win32
	EndGlobalSection
	GlobalSection(ExtensibilityGlobals) = postSolution
	EndGlobalSection
	GlobalSection(ExtensibilityAddIns) = postSolution
	EndGlobalSection
EndGlobal
