Microsoft Visual Studio Solution File, Format Version 7.00
Project("{8BC9CEB8-8B4A-11D0-8D11-00A0C91BC942}") = "dinner_CutleryImpl_SERVANT", "dinner_CutleryImpl_SERVANT\dinner_CutleryImpl_SERVANT.vcproj", "{79BA3E44-BEA2-4674-BE17-F62B0D11DE00}"
EndProject
Project("{8BC9CEB8-8B4A-11D0-8D11-00A0C91BC942}") = "dinner_CutleryImpl", "dinner_CutleryImpl\dinner_CutleryImpl.vcproj", "{82E7F59F-CD07-429B-AAF5-EE908F87FA63}"
EndProject
Project("{8BC9CEB8-8B4A-11D0-8D11-00A0C91BC942}") = "dinner_ObserverImpl_SERVANT", "dinner_ObserverImpl_SERVANT\dinner_ObserverImpl_SERVANT.vcproj", "{247DF18E-9FF3-4ABD-898E-8FF7137A5341}"
EndProject
Project("{8BC9CEB8-8B4A-11D0-8D11-00A0C91BC942}") = "dinner_ObserverImpl", "dinner_ObserverImpl\dinner_ObserverImpl.vcproj", "{F147FE79-351B-4466-90D0-0B3AA71D7B58}"
EndProject
Project("{8BC9CEB8-8B4A-11D0-8D11-00A0C91BC942}") = "dinner_PhilosopherImpl_SERVANT", "dinner_PhilosopherImpl_SERVANT\dinner_PhilosopherImpl_SERVANT.vcproj", "{ECD1BF40-5CA7-4CDD-AA01-FF91E0EC831C}"
EndProject
Project("{8BC9CEB8-8B4A-11D0-8D11-00A0C91BC942}") = "dinner_PhilosopherImpl", "dinner_PhilosopherImpl\dinner_PhilosopherImpl.vcproj", "{11FC6168-69F4-4713-8B07-B65DBE80F9FC}"
EndProject
Project("{8BC9CEB8-8B4A-11D0-8D11-00A0C91BC942}") = "dinner_win32_assembly", "dinner_win32_assembly\dinner_win32_assembly.vcproj", "{08C17ED9-BEDF-483F-8995-CF12B0DF7E26}"
EndProject
Global
	GlobalSection(SolutionConfiguration) = preSolution
		ConfigName.0 = Debug
		ConfigName.1 = Debug_mico
		ConfigName.2 = Debug_orbacus
		ConfigName.3 = Debug_tao
		ConfigName.4 = Release
	EndGlobalSection
	GlobalSection(ProjectDependencies) = postSolution
		{82E7F59F-CD07-429B-AAF5-EE908F87FA63}.0 = {79BA3E44-BEA2-4674-BE17-F62B0D11DE00}
		{F147FE79-351B-4466-90D0-0B3AA71D7B58}.0 = {247DF18E-9FF3-4ABD-898E-8FF7137A5341}
		{11FC6168-69F4-4713-8B07-B65DBE80F9FC}.0 = {ECD1BF40-5CA7-4CDD-AA01-FF91E0EC831C}
		{08C17ED9-BEDF-483F-8995-CF12B0DF7E26}.0 = {82E7F59F-CD07-429B-AAF5-EE908F87FA63}
		{08C17ED9-BEDF-483F-8995-CF12B0DF7E26}.1 = {F147FE79-351B-4466-90D0-0B3AA71D7B58}
		{08C17ED9-BEDF-483F-8995-CF12B0DF7E26}.2 = {11FC6168-69F4-4713-8B07-B65DBE80F9FC}
	EndGlobalSection
	GlobalSection(ProjectConfiguration) = postSolution
		{79BA3E44-BEA2-4674-BE17-F62B0D11DE00}.Debug.ActiveCfg = Debug_tao|Win32
		{79BA3E44-BEA2-4674-BE17-F62B0D11DE00}.Debug.Build.0 = Debug_tao|Win32
		{79BA3E44-BEA2-4674-BE17-F62B0D11DE00}.Debug_mico.ActiveCfg = Debug_mico|Win32
		{79BA3E44-BEA2-4674-BE17-F62B0D11DE00}.Debug_mico.Build.0 = Debug_mico|Win32
		{79BA3E44-BEA2-4674-BE17-F62B0D11DE00}.Debug_orbacus.ActiveCfg = Debug_orbacus|Win32
		{79BA3E44-BEA2-4674-BE17-F62B0D11DE00}.Debug_orbacus.Build.0 = Debug_orbacus|Win32
		{79BA3E44-BEA2-4674-BE17-F62B0D11DE00}.Debug_tao.ActiveCfg = Debug_tao|Win32
		{79BA3E44-BEA2-4674-BE17-F62B0D11DE00}.Debug_tao.Build.0 = Debug_tao|Win32
		{79BA3E44-BEA2-4674-BE17-F62B0D11DE00}.Release.ActiveCfg = Debug_tao|Win32
		{79BA3E44-BEA2-4674-BE17-F62B0D11DE00}.Release.Build.0 = Debug_tao|Win32
		{82E7F59F-CD07-429B-AAF5-EE908F87FA63}.Debug.ActiveCfg = Debug_tao|Win32
		{82E7F59F-CD07-429B-AAF5-EE908F87FA63}.Debug.Build.0 = Debug_tao|Win32
		{82E7F59F-CD07-429B-AAF5-EE908F87FA63}.Debug_mico.ActiveCfg = Debug_mico|Win32
		{82E7F59F-CD07-429B-AAF5-EE908F87FA63}.Debug_mico.Build.0 = Debug_mico|Win32
		{82E7F59F-CD07-429B-AAF5-EE908F87FA63}.Debug_orbacus.ActiveCfg = Debug_orbacus|Win32
		{82E7F59F-CD07-429B-AAF5-EE908F87FA63}.Debug_orbacus.Build.0 = Debug_orbacus|Win32
		{82E7F59F-CD07-429B-AAF5-EE908F87FA63}.Debug_tao.ActiveCfg = Debug_tao|Win32
		{82E7F59F-CD07-429B-AAF5-EE908F87FA63}.Debug_tao.Build.0 = Debug_tao|Win32
		{82E7F59F-CD07-429B-AAF5-EE908F87FA63}.Release.ActiveCfg = Debug_tao|Win32
		{82E7F59F-CD07-429B-AAF5-EE908F87FA63}.Release.Build.0 = Debug_tao|Win32
		{247DF18E-9FF3-4ABD-898E-8FF7137A5341}.Debug.ActiveCfg = Debug_tao|Win32
		{247DF18E-9FF3-4ABD-898E-8FF7137A5341}.Debug.Build.0 = Debug_tao|Win32
		{247DF18E-9FF3-4ABD-898E-8FF7137A5341}.Debug_mico.ActiveCfg = Debug_mico|Win32
		{247DF18E-9FF3-4ABD-898E-8FF7137A5341}.Debug_mico.Build.0 = Debug_mico|Win32
		{247DF18E-9FF3-4ABD-898E-8FF7137A5341}.Debug_orbacus.ActiveCfg = Debug_orbacus|Win32
		{247DF18E-9FF3-4ABD-898E-8FF7137A5341}.Debug_orbacus.Build.0 = Debug_orbacus|Win32
		{247DF18E-9FF3-4ABD-898E-8FF7137A5341}.Debug_tao.ActiveCfg = Debug_tao|Win32
		{247DF18E-9FF3-4ABD-898E-8FF7137A5341}.Debug_tao.Build.0 = Debug_tao|Win32
		{247DF18E-9FF3-4ABD-898E-8FF7137A5341}.Release.ActiveCfg = Debug_tao|Win32
		{247DF18E-9FF3-4ABD-898E-8FF7137A5341}.Release.Build.0 = Debug_tao|Win32
		{F147FE79-351B-4466-90D0-0B3AA71D7B58}.Debug.ActiveCfg = Debug_tao|Win32
		{F147FE79-351B-4466-90D0-0B3AA71D7B58}.Debug.Build.0 = Debug_tao|Win32
		{F147FE79-351B-4466-90D0-0B3AA71D7B58}.Debug_mico.ActiveCfg = Debug_mico|Win32
		{F147FE79-351B-4466-90D0-0B3AA71D7B58}.Debug_mico.Build.0 = Debug_mico|Win32
		{F147FE79-351B-4466-90D0-0B3AA71D7B58}.Debug_orbacus.ActiveCfg = Debug_orbacus|Win32
		{F147FE79-351B-4466-90D0-0B3AA71D7B58}.Debug_orbacus.Build.0 = Debug_orbacus|Win32
		{F147FE79-351B-4466-90D0-0B3AA71D7B58}.Debug_tao.ActiveCfg = Debug_tao|Win32
		{F147FE79-351B-4466-90D0-0B3AA71D7B58}.Debug_tao.Build.0 = Debug_tao|Win32
		{F147FE79-351B-4466-90D0-0B3AA71D7B58}.Release.ActiveCfg = Debug_tao|Win32
		{F147FE79-351B-4466-90D0-0B3AA71D7B58}.Release.Build.0 = Debug_tao|Win32
		{ECD1BF40-5CA7-4CDD-AA01-FF91E0EC831C}.Debug.ActiveCfg = Debug_tao|Win32
		{ECD1BF40-5CA7-4CDD-AA01-FF91E0EC831C}.Debug.Build.0 = Debug_tao|Win32
		{ECD1BF40-5CA7-4CDD-AA01-FF91E0EC831C}.Debug_mico.ActiveCfg = Debug_mico|Win32
		{ECD1BF40-5CA7-4CDD-AA01-FF91E0EC831C}.Debug_mico.Build.0 = Debug_mico|Win32
		{ECD1BF40-5CA7-4CDD-AA01-FF91E0EC831C}.Debug_orbacus.ActiveCfg = Debug_orbacus|Win32
		{ECD1BF40-5CA7-4CDD-AA01-FF91E0EC831C}.Debug_orbacus.Build.0 = Debug_orbacus|Win32
		{ECD1BF40-5CA7-4CDD-AA01-FF91E0EC831C}.Debug_tao.ActiveCfg = Debug_tao|Win32
		{ECD1BF40-5CA7-4CDD-AA01-FF91E0EC831C}.Debug_tao.Build.0 = Debug_tao|Win32
		{ECD1BF40-5CA7-4CDD-AA01-FF91E0EC831C}.Release.ActiveCfg = Debug_tao|Win32
		{ECD1BF40-5CA7-4CDD-AA01-FF91E0EC831C}.Release.Build.0 = Debug_tao|Win32
		{11FC6168-69F4-4713-8B07-B65DBE80F9FC}.Debug.ActiveCfg = Debug_tao|Win32
		{11FC6168-69F4-4713-8B07-B65DBE80F9FC}.Debug.Build.0 = Debug_tao|Win32
		{11FC6168-69F4-4713-8B07-B65DBE80F9FC}.Debug_mico.ActiveCfg = Debug_mico|Win32
		{11FC6168-69F4-4713-8B07-B65DBE80F9FC}.Debug_mico.Build.0 = Debug_mico|Win32
		{11FC6168-69F4-4713-8B07-B65DBE80F9FC}.Debug_orbacus.ActiveCfg = Debug_orbacus|Win32
		{11FC6168-69F4-4713-8B07-B65DBE80F9FC}.Debug_orbacus.Build.0 = Debug_orbacus|Win32
		{11FC6168-69F4-4713-8B07-B65DBE80F9FC}.Debug_tao.ActiveCfg = Debug_tao|Win32
		{11FC6168-69F4-4713-8B07-B65DBE80F9FC}.Debug_tao.Build.0 = Debug_tao|Win32
		{11FC6168-69F4-4713-8B07-B65DBE80F9FC}.Release.ActiveCfg = Debug_tao|Win32
		{11FC6168-69F4-4713-8B07-B65DBE80F9FC}.Release.Build.0 = Debug_tao|Win32
		{08C17ED9-BEDF-483F-8995-CF12B0DF7E26}.Debug.ActiveCfg = Debug|Win32
		{08C17ED9-BEDF-483F-8995-CF12B0DF7E26}.Debug.Build.0 = Debug|Win32
		{08C17ED9-BEDF-483F-8995-CF12B0DF7E26}.Debug_mico.ActiveCfg = Debug|Win32
		{08C17ED9-BEDF-483F-8995-CF12B0DF7E26}.Debug_mico.Build.0 = Debug|Win32
		{08C17ED9-BEDF-483F-8995-CF12B0DF7E26}.Debug_orbacus.ActiveCfg = Debug|Win32
		{08C17ED9-BEDF-483F-8995-CF12B0DF7E26}.Debug_orbacus.Build.0 = Debug|Win32
		{08C17ED9-BEDF-483F-8995-CF12B0DF7E26}.Debug_tao.ActiveCfg = Debug|Win32
		{08C17ED9-BEDF-483F-8995-CF12B0DF7E26}.Debug_tao.Build.0 = Debug|Win32
		{08C17ED9-BEDF-483F-8995-CF12B0DF7E26}.Release.ActiveCfg = Release|Win32
		{08C17ED9-BEDF-483F-8995-CF12B0DF7E26}.Release.Build.0 = Release|Win32
	EndGlobalSection
	GlobalSection(ExtensibilityGlobals) = postSolution
	EndGlobalSection
	GlobalSection(ExtensibilityAddIns) = postSolution
	EndGlobalSection
EndGlobal
