Microsoft Visual Studio Solution File, Format Version 7.00
Project("{8BC9CEB8-8B4A-11D0-8D11-00A0C91BC942}") = "HelloWorld", "TestClient\HelloWorld.vcproj", "{C00F750C-5EA1-472D-A140-6830933DB284}"
EndProject
Global
	GlobalSection(SolutionConfiguration) = preSolution
		ConfigName.0 = Debug
		ConfigName.1 = Debug_mico
		ConfigName.2 = Debug_orbacus
		ConfigName.3 = Debug_tao
		ConfigName.4 = Release
		ConfigName.5 = Release_orbacus
	EndGlobalSection
	GlobalSection(ProjectDependencies) = postSolution
	EndGlobalSection
	GlobalSection(ProjectConfiguration) = postSolution
		{C00F750C-5EA1-472D-A140-6830933DB284}.Debug.ActiveCfg = Debug|Win32
		{C00F750C-5EA1-472D-A140-6830933DB284}.Debug.Build.0 = Debug|Win32
		{C00F750C-5EA1-472D-A140-6830933DB284}.Debug_mico.ActiveCfg = Debug_mico|Win32
		{C00F750C-5EA1-472D-A140-6830933DB284}.Debug_mico.Build.0 = Debug_mico|Win32
		{C00F750C-5EA1-472D-A140-6830933DB284}.Debug_orbacus.ActiveCfg = Debug_orbacus|Win32
		{C00F750C-5EA1-472D-A140-6830933DB284}.Debug_orbacus.Build.0 = Debug_orbacus|Win32
		{C00F750C-5EA1-472D-A140-6830933DB284}.Debug_tao.ActiveCfg = Debug_mico|Win32
		{C00F750C-5EA1-472D-A140-6830933DB284}.Debug_tao.Build.0 = Debug_mico|Win32
		{C00F750C-5EA1-472D-A140-6830933DB284}.Release.ActiveCfg = Release|Win32
		{C00F750C-5EA1-472D-A140-6830933DB284}.Release.Build.0 = Release|Win32
		{C00F750C-5EA1-472D-A140-6830933DB284}.Release_orbacus.ActiveCfg = Release_orbacus|Win32
		{C00F750C-5EA1-472D-A140-6830933DB284}.Release_orbacus.Build.0 = Release_orbacus|Win32
	EndGlobalSection
	GlobalSection(ExtensibilityGlobals) = postSolution
	EndGlobalSection
	GlobalSection(ExtensibilityAddIns) = postSolution
	EndGlobalSection
EndGlobal
