Microsoft Visual Studio Solution File, Format Version 7.00
Project("{8BC9CEB8-8B4A-11D0-8D11-00A0C91BC942}") = "Simulation_PlaneImpl", "Simulation_PlaneImpl\Simulation_PlaneImpl.vcproj", "{C14764A5-B016-4FEF-853E-02F20173ED8D}"
EndProject
Project("{8BC9CEB8-8B4A-11D0-8D11-00A0C91BC942}") = "Simulation_PlaneImpl_SERVANT", "Simulation_PlaneImpl_SERVANT\Simulation_PlaneImpl_SERVANT.vcproj", "{AD0CF63E-9FFF-4D9B-AACA-44B4B98E154D}"
EndProject
Project("{8BC9CEB8-8B4A-11D0-8D11-00A0C91BC942}") = "Simulation_SimulationServerImpl_SERVANT", "Simulation_SimulationServerImpl_SERVANT\Simulation_SimulationServerImpl_SERVANT.vcproj", "{5F7AF486-5EFC-4C4A-9289-7311DBFAC55C}"
EndProject
Project("{8BC9CEB8-8B4A-11D0-8D11-00A0C91BC942}") = "Simulation_SimulationServerImpl", "Simulation_SimulationServerImpl\Simulation_SimulationServerImpl.vcproj", "{6ED03051-86DC-4A18-8171-CC3175A52A2A}"
EndProject
Project("{8BC9CEB8-8B4A-11D0-8D11-00A0C91BC942}") = "Simulation_RadarImpl_SERVANT", "Simulation_RadarImpl_SERVANT\Simulation_RadarImpl_SERVANT.vcproj", "{E5CB5ED3-6FF5-4AB1-8446-E4D0A7945B59}"
EndProject
Project("{8BC9CEB8-8B4A-11D0-8D11-00A0C91BC942}") = "Simulation_RadarImpl", "Simulation_RadarImpl\Simulation_RadarImpl.vcproj", "{EF65A4A7-2D28-42C0-809C-E418818D3B12}"
EndProject
Project("{8BC9CEB8-8B4A-11D0-8D11-00A0C91BC942}") = "Simulation_TAPDisplayImpl_SERVANT", "Simulation_TAPDisplayImpl_SERVANT\Simulation_TAPDisplayImpl_SERVANT.vcproj", "{55B8531E-2DCD-49AE-986B-14188603AB68}"
EndProject
Project("{8BC9CEB8-8B4A-11D0-8D11-00A0C91BC942}") = "Simulation_TAPDisplayImpl", "Simulation_TAPDisplayImpl\Simulation_TAPDisplayImpl.vcproj", "{D3FEA2E8-7FE4-47B6-A619-6FE418911921}"
EndProject
Project("{8BC9CEB8-8B4A-11D0-8D11-00A0C91BC942}") = "sim_win32_assembly", "sim_win32_assembly\sim_win32_assembly.vcproj", "{27C4F52C-D3D3-4763-A018-14317C971DC7}"
EndProject
Global
	GlobalSection(SolutionConfiguration) = preSolution
		ConfigName.0 = Debug
		ConfigName.1 = Debug_mico
		ConfigName.2 = Debug_orbacus
		ConfigName.3 = Debug_tao
		ConfigName.4 = Release
	EndGlobalSection
	GlobalSection(ProjectDependencies) = postSolution
	EndGlobalSection
	GlobalSection(ProjectConfiguration) = postSolution
		{C14764A5-B016-4FEF-853E-02F20173ED8D}.Debug.ActiveCfg = Debug_tao|Win32
		{C14764A5-B016-4FEF-853E-02F20173ED8D}.Debug.Build.0 = Debug_tao|Win32
		{C14764A5-B016-4FEF-853E-02F20173ED8D}.Debug_mico.ActiveCfg = Debug_mico|Win32
		{C14764A5-B016-4FEF-853E-02F20173ED8D}.Debug_mico.Build.0 = Debug_mico|Win32
		{C14764A5-B016-4FEF-853E-02F20173ED8D}.Debug_orbacus.ActiveCfg = Debug_orbacus|Win32
		{C14764A5-B016-4FEF-853E-02F20173ED8D}.Debug_orbacus.Build.0 = Debug_orbacus|Win32
		{C14764A5-B016-4FEF-853E-02F20173ED8D}.Debug_tao.ActiveCfg = Debug_tao|Win32
		{C14764A5-B016-4FEF-853E-02F20173ED8D}.Debug_tao.Build.0 = Debug_tao|Win32
		{C14764A5-B016-4FEF-853E-02F20173ED8D}.Release.ActiveCfg = Debug_tao|Win32
		{C14764A5-B016-4FEF-853E-02F20173ED8D}.Release.Build.0 = Debug_tao|Win32
		{AD0CF63E-9FFF-4D9B-AACA-44B4B98E154D}.Debug.ActiveCfg = Debug_tao|Win32
		{AD0CF63E-9FFF-4D9B-AACA-44B4B98E154D}.Debug.Build.0 = Debug_tao|Win32
		{AD0CF63E-9FFF-4D9B-AACA-44B4B98E154D}.Debug_mico.ActiveCfg = Debug_mico|Win32
		{AD0CF63E-9FFF-4D9B-AACA-44B4B98E154D}.Debug_mico.Build.0 = Debug_mico|Win32
		{AD0CF63E-9FFF-4D9B-AACA-44B4B98E154D}.Debug_orbacus.ActiveCfg = Debug_orbacus|Win32
		{AD0CF63E-9FFF-4D9B-AACA-44B4B98E154D}.Debug_orbacus.Build.0 = Debug_orbacus|Win32
		{AD0CF63E-9FFF-4D9B-AACA-44B4B98E154D}.Debug_tao.ActiveCfg = Debug_tao|Win32
		{AD0CF63E-9FFF-4D9B-AACA-44B4B98E154D}.Debug_tao.Build.0 = Debug_tao|Win32
		{AD0CF63E-9FFF-4D9B-AACA-44B4B98E154D}.Release.ActiveCfg = Debug_tao|Win32
		{AD0CF63E-9FFF-4D9B-AACA-44B4B98E154D}.Release.Build.0 = Debug_tao|Win32
		{5F7AF486-5EFC-4C4A-9289-7311DBFAC55C}.Debug.ActiveCfg = Debug_tao|Win32
		{5F7AF486-5EFC-4C4A-9289-7311DBFAC55C}.Debug.Build.0 = Debug_tao|Win32
		{5F7AF486-5EFC-4C4A-9289-7311DBFAC55C}.Debug_mico.ActiveCfg = Debug_mico|Win32
		{5F7AF486-5EFC-4C4A-9289-7311DBFAC55C}.Debug_mico.Build.0 = Debug_mico|Win32
		{5F7AF486-5EFC-4C4A-9289-7311DBFAC55C}.Debug_orbacus.ActiveCfg = Debug_orbacus|Win32
		{5F7AF486-5EFC-4C4A-9289-7311DBFAC55C}.Debug_orbacus.Build.0 = Debug_orbacus|Win32
		{5F7AF486-5EFC-4C4A-9289-7311DBFAC55C}.Debug_tao.ActiveCfg = Debug_tao|Win32
		{5F7AF486-5EFC-4C4A-9289-7311DBFAC55C}.Debug_tao.Build.0 = Debug_tao|Win32
		{5F7AF486-5EFC-4C4A-9289-7311DBFAC55C}.Release.ActiveCfg = Debug_tao|Win32
		{5F7AF486-5EFC-4C4A-9289-7311DBFAC55C}.Release.Build.0 = Debug_tao|Win32
		{6ED03051-86DC-4A18-8171-CC3175A52A2A}.Debug.ActiveCfg = Debug_tao|Win32
		{6ED03051-86DC-4A18-8171-CC3175A52A2A}.Debug.Build.0 = Debug_tao|Win32
		{6ED03051-86DC-4A18-8171-CC3175A52A2A}.Debug_mico.ActiveCfg = Debug_mico|Win32
		{6ED03051-86DC-4A18-8171-CC3175A52A2A}.Debug_mico.Build.0 = Debug_mico|Win32
		{6ED03051-86DC-4A18-8171-CC3175A52A2A}.Debug_orbacus.ActiveCfg = Debug_orbacus|Win32
		{6ED03051-86DC-4A18-8171-CC3175A52A2A}.Debug_orbacus.Build.0 = Debug_orbacus|Win32
		{6ED03051-86DC-4A18-8171-CC3175A52A2A}.Debug_tao.ActiveCfg = Debug_tao|Win32
		{6ED03051-86DC-4A18-8171-CC3175A52A2A}.Debug_tao.Build.0 = Debug_tao|Win32
		{6ED03051-86DC-4A18-8171-CC3175A52A2A}.Release.ActiveCfg = Debug_tao|Win32
		{6ED03051-86DC-4A18-8171-CC3175A52A2A}.Release.Build.0 = Debug_tao|Win32
		{E5CB5ED3-6FF5-4AB1-8446-E4D0A7945B59}.Debug.ActiveCfg = Debug_tao|Win32
		{E5CB5ED3-6FF5-4AB1-8446-E4D0A7945B59}.Debug.Build.0 = Debug_tao|Win32
		{E5CB5ED3-6FF5-4AB1-8446-E4D0A7945B59}.Debug_mico.ActiveCfg = Debug_mico|Win32
		{E5CB5ED3-6FF5-4AB1-8446-E4D0A7945B59}.Debug_mico.Build.0 = Debug_mico|Win32
		{E5CB5ED3-6FF5-4AB1-8446-E4D0A7945B59}.Debug_orbacus.ActiveCfg = Debug_orbacus|Win32
		{E5CB5ED3-6FF5-4AB1-8446-E4D0A7945B59}.Debug_orbacus.Build.0 = Debug_orbacus|Win32
		{E5CB5ED3-6FF5-4AB1-8446-E4D0A7945B59}.Debug_tao.ActiveCfg = Debug_tao|Win32
		{E5CB5ED3-6FF5-4AB1-8446-E4D0A7945B59}.Debug_tao.Build.0 = Debug_tao|Win32
		{E5CB5ED3-6FF5-4AB1-8446-E4D0A7945B59}.Release.ActiveCfg = Debug_tao|Win32
		{E5CB5ED3-6FF5-4AB1-8446-E4D0A7945B59}.Release.Build.0 = Debug_tao|Win32
		{EF65A4A7-2D28-42C0-809C-E418818D3B12}.Debug.ActiveCfg = Debug_tao|Win32
		{EF65A4A7-2D28-42C0-809C-E418818D3B12}.Debug.Build.0 = Debug_tao|Win32
		{EF65A4A7-2D28-42C0-809C-E418818D3B12}.Debug_mico.ActiveCfg = Debug_mico|Win32
		{EF65A4A7-2D28-42C0-809C-E418818D3B12}.Debug_mico.Build.0 = Debug_mico|Win32
		{EF65A4A7-2D28-42C0-809C-E418818D3B12}.Debug_orbacus.ActiveCfg = Debug_orbacus|Win32
		{EF65A4A7-2D28-42C0-809C-E418818D3B12}.Debug_orbacus.Build.0 = Debug_orbacus|Win32
		{EF65A4A7-2D28-42C0-809C-E418818D3B12}.Debug_tao.ActiveCfg = Debug_tao|Win32
		{EF65A4A7-2D28-42C0-809C-E418818D3B12}.Debug_tao.Build.0 = Debug_tao|Win32
		{EF65A4A7-2D28-42C0-809C-E418818D3B12}.Release.ActiveCfg = Debug_tao|Win32
		{EF65A4A7-2D28-42C0-809C-E418818D3B12}.Release.Build.0 = Debug_tao|Win32
		{55B8531E-2DCD-49AE-986B-14188603AB68}.Debug.ActiveCfg = Debug_tao|Win32
		{55B8531E-2DCD-49AE-986B-14188603AB68}.Debug.Build.0 = Debug_tao|Win32
		{55B8531E-2DCD-49AE-986B-14188603AB68}.Debug_mico.ActiveCfg = Debug_mico|Win32
		{55B8531E-2DCD-49AE-986B-14188603AB68}.Debug_mico.Build.0 = Debug_mico|Win32
		{55B8531E-2DCD-49AE-986B-14188603AB68}.Debug_orbacus.ActiveCfg = Debug_orbacus|Win32
		{55B8531E-2DCD-49AE-986B-14188603AB68}.Debug_orbacus.Build.0 = Debug_orbacus|Win32
		{55B8531E-2DCD-49AE-986B-14188603AB68}.Debug_tao.ActiveCfg = Debug_tao|Win32
		{55B8531E-2DCD-49AE-986B-14188603AB68}.Debug_tao.Build.0 = Debug_tao|Win32
		{55B8531E-2DCD-49AE-986B-14188603AB68}.Release.ActiveCfg = Debug_tao|Win32
		{55B8531E-2DCD-49AE-986B-14188603AB68}.Release.Build.0 = Debug_tao|Win32
		{D3FEA2E8-7FE4-47B6-A619-6FE418911921}.Debug.ActiveCfg = Debug_tao|Win32
		{D3FEA2E8-7FE4-47B6-A619-6FE418911921}.Debug.Build.0 = Debug_tao|Win32
		{D3FEA2E8-7FE4-47B6-A619-6FE418911921}.Debug_mico.ActiveCfg = Debug_mico|Win32
		{D3FEA2E8-7FE4-47B6-A619-6FE418911921}.Debug_mico.Build.0 = Debug_mico|Win32
		{D3FEA2E8-7FE4-47B6-A619-6FE418911921}.Debug_orbacus.ActiveCfg = Debug_orbacus|Win32
		{D3FEA2E8-7FE4-47B6-A619-6FE418911921}.Debug_orbacus.Build.0 = Debug_orbacus|Win32
		{D3FEA2E8-7FE4-47B6-A619-6FE418911921}.Debug_tao.ActiveCfg = Debug_tao|Win32
		{D3FEA2E8-7FE4-47B6-A619-6FE418911921}.Debug_tao.Build.0 = Debug_tao|Win32
		{D3FEA2E8-7FE4-47B6-A619-6FE418911921}.Release.ActiveCfg = Debug_tao|Win32
		{D3FEA2E8-7FE4-47B6-A619-6FE418911921}.Release.Build.0 = Debug_tao|Win32
		{27C4F52C-D3D3-4763-A018-14317C971DC7}.Debug.ActiveCfg = Debug|Win32
		{27C4F52C-D3D3-4763-A018-14317C971DC7}.Debug.Build.0 = Debug|Win32
		{27C4F52C-D3D3-4763-A018-14317C971DC7}.Debug_mico.ActiveCfg = Debug|Win32
		{27C4F52C-D3D3-4763-A018-14317C971DC7}.Debug_mico.Build.0 = Debug|Win32
		{27C4F52C-D3D3-4763-A018-14317C971DC7}.Debug_orbacus.ActiveCfg = Debug|Win32
		{27C4F52C-D3D3-4763-A018-14317C971DC7}.Debug_orbacus.Build.0 = Debug|Win32
		{27C4F52C-D3D3-4763-A018-14317C971DC7}.Debug_tao.ActiveCfg = Debug|Win32
		{27C4F52C-D3D3-4763-A018-14317C971DC7}.Debug_tao.Build.0 = Debug|Win32
		{27C4F52C-D3D3-4763-A018-14317C971DC7}.Release.ActiveCfg = Release|Win32
		{27C4F52C-D3D3-4763-A018-14317C971DC7}.Release.Build.0 = Release|Win32
	EndGlobalSection
	GlobalSection(ExtensibilityGlobals) = postSolution
	EndGlobalSection
	GlobalSection(ExtensibilityAddIns) = postSolution
	EndGlobalSection
EndGlobal
