Microsoft Visual Studio Solution File, Format Version 7.00
Project("{8BC9CEB8-8B4A-11D0-8D11-00A0C91BC942}") = "CCMGenerator_CCDBackEnd_compo", "CCMGenerator_CCDBackEnd_compo\CCMGenerator_CCDBackEnd_compo.vcproj", "{7819A5C5-57BB-4722-B976-473FBBD42A26}"
EndProject
Project("{8BC9CEB8-8B4A-11D0-8D11-00A0C91BC942}") = "CCMGenerator_CCDBackEnd_compo_SERVANT", "CCMGenerator_CCDBackEnd_compo_SERVANT\CCMGenerator_CCDBackEnd_compo_SERVANT.vcproj", "{81205368-8AC5-42CB-A00F-8A07B49504C7}"
EndProject
Project("{8BC9CEB8-8B4A-11D0-8D11-00A0C91BC942}") = "RepositoryIDL", "RepositoryIDL\RepositoryIDL.vcproj", "{0C59D769-890F-4F38-9A4B-26133CF2660D}"
EndProject
Project("{8BC9CEB8-8B4A-11D0-8D11-00A0C91BC942}") = "Utils", "Utils\Utils.vcproj", "{A7C10249-998E-470D-9C3C-B1C1B06DB15A}"
EndProject
Project("{8BC9CEB8-8B4A-11D0-8D11-00A0C91BC942}") = "RepositoryConnector", "RepositoryConnector\RepositoryConnector.vcproj", "{DAF33846-6550-4E2F-9FE0-9E6B3C11D4C9}"
EndProject
Project("{8BC9CEB8-8B4A-11D0-8D11-00A0C91BC942}") = "CCDBackEnd_start", "CCDBackEnd_start\CCDBackEnd_start.vcproj", "{58B93B65-7A20-4700-B85E-479815CEF9E8}"
EndProject
Project("{8BC9CEB8-8B4A-11D0-8D11-00A0C91BC942}") = "CCMGenerator_CADBackEnd_compo", "CCMGenerator_CADBackEnd_compo\CCMGenerator_CADBackEnd_compo.vcproj", "{90696037-6CB2-4385-9BB0-53F2D308EE82}"
EndProject
Project("{8BC9CEB8-8B4A-11D0-8D11-00A0C91BC942}") = "CCMGenerator_CADBackEnd_compo_SERVANT", "CCMGenerator_CADBackEnd_compo_SERVANT\CCMGenerator_CADBackEnd_compo_SERVANT.vcproj", "{45F04B00-8B07-4CFA-A6CE-EFCFB841297D}"
EndProject
Project("{8BC9CEB8-8B4A-11D0-8D11-00A0C91BC942}") = "CADBackEnd_start", "CADBackEnd_start\CADBackEnd_start.vcproj", "{64963DBF-BC0D-4ACE-BFEE-D991EA7B6C05}"
EndProject
Project("{8BC9CEB8-8B4A-11D0-8D11-00A0C91BC942}") = "CCMGenerator_CSDBackEnd_compo", "CCMGenerator_CSDBackEnd_compo\CCMGenerator_CSDBackEnd_compo.vcproj", "{99CAB6C1-2E2D-4E13-8938-4E2FEFDD7844}"
EndProject
Project("{8BC9CEB8-8B4A-11D0-8D11-00A0C91BC942}") = "CCMGenerator_CSDBackEnd_compo_SERVANT", "CCMGenerator_CSDBackEnd_compo_SERVANT\CCMGenerator_CSDBackEnd_compo_SERVANT.vcproj", "{91428F0D-8EB8-469E-BDF2-C976510CFAC2}"
EndProject
Project("{8BC9CEB8-8B4A-11D0-8D11-00A0C91BC942}") = "CSDBackEnd_start", "CSDBackEnd_start\CSDBackEnd_start.vcproj", "{72C36FEC-4731-4CCC-A1BB-452731CE9478}"
EndProject
Project("{8BC9CEB8-8B4A-11D0-8D11-00A0C91BC942}") = "CCMGenerator_CPDBackEnd_compo", "CCMGenerator_CPDBackEnd_compo\CCMGenerator_CPDBackEnd_compo.vcproj", "{B738A048-6354-4F66-A270-4A86CD0BFB15}"
EndProject
Project("{8BC9CEB8-8B4A-11D0-8D11-00A0C91BC942}") = "CCMGenerator_CPDBackEnd_compo_SERVANT", "CCMGenerator_CPDBackEnd_compo_SERVANT\CCMGenerator_CPDBackEnd_compo_SERVANT.vcproj", "{0E66C3FB-7B5C-404C-B2EB-1DCA7BF7CC42}"
EndProject
Project("{8BC9CEB8-8B4A-11D0-8D11-00A0C91BC942}") = "CPDBackEnd_start", "CPDBackEnd_start\CPDBackEnd_start.vcproj", "{C25F05C5-6576-466A-9CEF-0215A6A51EF1}"
EndProject
Global
	GlobalSection(SolutionConfiguration) = preSolution
		ConfigName.0 = Debug
		ConfigName.1 = Debug_mico
		ConfigName.2 = Debug_orbacus
		ConfigName.3 = Debug_tao
		ConfigName.4 = Release
	EndGlobalSection
	GlobalSection(ProjectDependencies) = postSolution
		{7819A5C5-57BB-4722-B976-473FBBD42A26}.0 = {DAF33846-6550-4E2F-9FE0-9E6B3C11D4C9}
		{7819A5C5-57BB-4722-B976-473FBBD42A26}.1 = {0C59D769-890F-4F38-9A4B-26133CF2660D}
		{7819A5C5-57BB-4722-B976-473FBBD42A26}.2 = {A7C10249-998E-470D-9C3C-B1C1B06DB15A}
		{A7C10249-998E-470D-9C3C-B1C1B06DB15A}.0 = {DAF33846-6550-4E2F-9FE0-9E6B3C11D4C9}
		{DAF33846-6550-4E2F-9FE0-9E6B3C11D4C9}.0 = {0C59D769-890F-4F38-9A4B-26133CF2660D}
		{58B93B65-7A20-4700-B85E-479815CEF9E8}.0 = {A7C10249-998E-470D-9C3C-B1C1B06DB15A}
		{90696037-6CB2-4385-9BB0-53F2D308EE82}.0 = {A7C10249-998E-470D-9C3C-B1C1B06DB15A}
		{90696037-6CB2-4385-9BB0-53F2D308EE82}.1 = {0C59D769-890F-4F38-9A4B-26133CF2660D}
		{90696037-6CB2-4385-9BB0-53F2D308EE82}.2 = {DAF33846-6550-4E2F-9FE0-9E6B3C11D4C9}
		{64963DBF-BC0D-4ACE-BFEE-D991EA7B6C05}.0 = {A7C10249-998E-470D-9C3C-B1C1B06DB15A}
		{99CAB6C1-2E2D-4E13-8938-4E2FEFDD7844}.0 = {DAF33846-6550-4E2F-9FE0-9E6B3C11D4C9}
		{99CAB6C1-2E2D-4E13-8938-4E2FEFDD7844}.1 = {0C59D769-890F-4F38-9A4B-26133CF2660D}
		{99CAB6C1-2E2D-4E13-8938-4E2FEFDD7844}.2 = {A7C10249-998E-470D-9C3C-B1C1B06DB15A}
		{72C36FEC-4731-4CCC-A1BB-452731CE9478}.0 = {A7C10249-998E-470D-9C3C-B1C1B06DB15A}
		{B738A048-6354-4F66-A270-4A86CD0BFB15}.0 = {A7C10249-998E-470D-9C3C-B1C1B06DB15A}
		{B738A048-6354-4F66-A270-4A86CD0BFB15}.1 = {0C59D769-890F-4F38-9A4B-26133CF2660D}
		{B738A048-6354-4F66-A270-4A86CD0BFB15}.2 = {DAF33846-6550-4E2F-9FE0-9E6B3C11D4C9}
		{C25F05C5-6576-466A-9CEF-0215A6A51EF1}.0 = {A7C10249-998E-470D-9C3C-B1C1B06DB15A}
	EndGlobalSection
	GlobalSection(ProjectConfiguration) = postSolution
		{7819A5C5-57BB-4722-B976-473FBBD42A26}.Debug.ActiveCfg = Debug_tao|Win32
		{7819A5C5-57BB-4722-B976-473FBBD42A26}.Debug.Build.0 = Debug_tao|Win32
		{7819A5C5-57BB-4722-B976-473FBBD42A26}.Debug_mico.ActiveCfg = Debug_mico|Win32
		{7819A5C5-57BB-4722-B976-473FBBD42A26}.Debug_mico.Build.0 = Debug_mico|Win32
		{7819A5C5-57BB-4722-B976-473FBBD42A26}.Debug_orbacus.ActiveCfg = Debug_orbacus|Win32
		{7819A5C5-57BB-4722-B976-473FBBD42A26}.Debug_orbacus.Build.0 = Debug_orbacus|Win32
		{7819A5C5-57BB-4722-B976-473FBBD42A26}.Debug_tao.ActiveCfg = Debug_tao|Win32
		{7819A5C5-57BB-4722-B976-473FBBD42A26}.Debug_tao.Build.0 = Debug_tao|Win32
		{7819A5C5-57BB-4722-B976-473FBBD42A26}.Release.ActiveCfg = Debug_tao|Win32
		{7819A5C5-57BB-4722-B976-473FBBD42A26}.Release.Build.0 = Debug_tao|Win32
		{81205368-8AC5-42CB-A00F-8A07B49504C7}.Debug.ActiveCfg = Debug_tao|Win32
		{81205368-8AC5-42CB-A00F-8A07B49504C7}.Debug.Build.0 = Debug_tao|Win32
		{81205368-8AC5-42CB-A00F-8A07B49504C7}.Debug_mico.ActiveCfg = Debug_mico|Win32
		{81205368-8AC5-42CB-A00F-8A07B49504C7}.Debug_mico.Build.0 = Debug_mico|Win32
		{81205368-8AC5-42CB-A00F-8A07B49504C7}.Debug_orbacus.ActiveCfg = Debug_orbacus|Win32
		{81205368-8AC5-42CB-A00F-8A07B49504C7}.Debug_orbacus.Build.0 = Debug_orbacus|Win32
		{81205368-8AC5-42CB-A00F-8A07B49504C7}.Debug_tao.ActiveCfg = Debug_tao|Win32
		{81205368-8AC5-42CB-A00F-8A07B49504C7}.Debug_tao.Build.0 = Debug_tao|Win32
		{81205368-8AC5-42CB-A00F-8A07B49504C7}.Release.ActiveCfg = Debug_tao|Win32
		{81205368-8AC5-42CB-A00F-8A07B49504C7}.Release.Build.0 = Debug_tao|Win32
		{0C59D769-890F-4F38-9A4B-26133CF2660D}.Debug.ActiveCfg = Debug|Win32
		{0C59D769-890F-4F38-9A4B-26133CF2660D}.Debug.Build.0 = Debug|Win32
		{0C59D769-890F-4F38-9A4B-26133CF2660D}.Debug_mico.ActiveCfg = Debug|Win32
		{0C59D769-890F-4F38-9A4B-26133CF2660D}.Debug_mico.Build.0 = Debug|Win32
		{0C59D769-890F-4F38-9A4B-26133CF2660D}.Debug_orbacus.ActiveCfg = Debug|Win32
		{0C59D769-890F-4F38-9A4B-26133CF2660D}.Debug_orbacus.Build.0 = Debug|Win32
		{0C59D769-890F-4F38-9A4B-26133CF2660D}.Debug_tao.ActiveCfg = Debug|Win32
		{0C59D769-890F-4F38-9A4B-26133CF2660D}.Debug_tao.Build.0 = Debug|Win32
		{0C59D769-890F-4F38-9A4B-26133CF2660D}.Release.ActiveCfg = Release|Win32
		{0C59D769-890F-4F38-9A4B-26133CF2660D}.Release.Build.0 = Release|Win32
		{A7C10249-998E-470D-9C3C-B1C1B06DB15A}.Debug.ActiveCfg = Debug|Win32
		{A7C10249-998E-470D-9C3C-B1C1B06DB15A}.Debug.Build.0 = Debug|Win32
		{A7C10249-998E-470D-9C3C-B1C1B06DB15A}.Debug_mico.ActiveCfg = Debug|Win32
		{A7C10249-998E-470D-9C3C-B1C1B06DB15A}.Debug_mico.Build.0 = Debug|Win32
		{A7C10249-998E-470D-9C3C-B1C1B06DB15A}.Debug_orbacus.ActiveCfg = Debug|Win32
		{A7C10249-998E-470D-9C3C-B1C1B06DB15A}.Debug_orbacus.Build.0 = Debug|Win32
		{A7C10249-998E-470D-9C3C-B1C1B06DB15A}.Debug_tao.ActiveCfg = Debug|Win32
		{A7C10249-998E-470D-9C3C-B1C1B06DB15A}.Debug_tao.Build.0 = Debug|Win32
		{A7C10249-998E-470D-9C3C-B1C1B06DB15A}.Release.ActiveCfg = Release|Win32
		{A7C10249-998E-470D-9C3C-B1C1B06DB15A}.Release.Build.0 = Release|Win32
		{DAF33846-6550-4E2F-9FE0-9E6B3C11D4C9}.Debug.ActiveCfg = Debug|Win32
		{DAF33846-6550-4E2F-9FE0-9E6B3C11D4C9}.Debug.Build.0 = Debug|Win32
		{DAF33846-6550-4E2F-9FE0-9E6B3C11D4C9}.Debug_mico.ActiveCfg = Debug|Win32
		{DAF33846-6550-4E2F-9FE0-9E6B3C11D4C9}.Debug_mico.Build.0 = Debug|Win32
		{DAF33846-6550-4E2F-9FE0-9E6B3C11D4C9}.Debug_orbacus.ActiveCfg = Debug|Win32
		{DAF33846-6550-4E2F-9FE0-9E6B3C11D4C9}.Debug_orbacus.Build.0 = Debug|Win32
		{DAF33846-6550-4E2F-9FE0-9E6B3C11D4C9}.Debug_tao.ActiveCfg = Debug|Win32
		{DAF33846-6550-4E2F-9FE0-9E6B3C11D4C9}.Debug_tao.Build.0 = Debug|Win32
		{DAF33846-6550-4E2F-9FE0-9E6B3C11D4C9}.Release.ActiveCfg = Release|Win32
		{DAF33846-6550-4E2F-9FE0-9E6B3C11D4C9}.Release.Build.0 = Release|Win32
		{58B93B65-7A20-4700-B85E-479815CEF9E8}.Debug.ActiveCfg = Debug|Win32
		{58B93B65-7A20-4700-B85E-479815CEF9E8}.Debug.Build.0 = Debug|Win32
		{58B93B65-7A20-4700-B85E-479815CEF9E8}.Debug_mico.ActiveCfg = Debug|Win32
		{58B93B65-7A20-4700-B85E-479815CEF9E8}.Debug_mico.Build.0 = Debug|Win32
		{58B93B65-7A20-4700-B85E-479815CEF9E8}.Debug_orbacus.ActiveCfg = Debug|Win32
		{58B93B65-7A20-4700-B85E-479815CEF9E8}.Debug_orbacus.Build.0 = Debug|Win32
		{58B93B65-7A20-4700-B85E-479815CEF9E8}.Debug_tao.ActiveCfg = Debug|Win32
		{58B93B65-7A20-4700-B85E-479815CEF9E8}.Debug_tao.Build.0 = Debug|Win32
		{58B93B65-7A20-4700-B85E-479815CEF9E8}.Release.ActiveCfg = Release|Win32
		{58B93B65-7A20-4700-B85E-479815CEF9E8}.Release.Build.0 = Release|Win32
		{90696037-6CB2-4385-9BB0-53F2D308EE82}.Debug.ActiveCfg = Debug_tao|Win32
		{90696037-6CB2-4385-9BB0-53F2D308EE82}.Debug.Build.0 = Debug_tao|Win32
		{90696037-6CB2-4385-9BB0-53F2D308EE82}.Debug_mico.ActiveCfg = Debug_mico|Win32
		{90696037-6CB2-4385-9BB0-53F2D308EE82}.Debug_mico.Build.0 = Debug_mico|Win32
		{90696037-6CB2-4385-9BB0-53F2D308EE82}.Debug_orbacus.ActiveCfg = Debug_orbacus|Win32
		{90696037-6CB2-4385-9BB0-53F2D308EE82}.Debug_orbacus.Build.0 = Debug_orbacus|Win32
		{90696037-6CB2-4385-9BB0-53F2D308EE82}.Debug_tao.ActiveCfg = Debug_tao|Win32
		{90696037-6CB2-4385-9BB0-53F2D308EE82}.Debug_tao.Build.0 = Debug_tao|Win32
		{90696037-6CB2-4385-9BB0-53F2D308EE82}.Release.ActiveCfg = Debug_tao|Win32
		{90696037-6CB2-4385-9BB0-53F2D308EE82}.Release.Build.0 = Debug_tao|Win32
		{45F04B00-8B07-4CFA-A6CE-EFCFB841297D}.Debug.ActiveCfg = Debug_tao|Win32
		{45F04B00-8B07-4CFA-A6CE-EFCFB841297D}.Debug.Build.0 = Debug_tao|Win32
		{45F04B00-8B07-4CFA-A6CE-EFCFB841297D}.Debug_mico.ActiveCfg = Debug_mico|Win32
		{45F04B00-8B07-4CFA-A6CE-EFCFB841297D}.Debug_mico.Build.0 = Debug_mico|Win32
		{45F04B00-8B07-4CFA-A6CE-EFCFB841297D}.Debug_orbacus.ActiveCfg = Debug_orbacus|Win32
		{45F04B00-8B07-4CFA-A6CE-EFCFB841297D}.Debug_orbacus.Build.0 = Debug_orbacus|Win32
		{45F04B00-8B07-4CFA-A6CE-EFCFB841297D}.Debug_tao.ActiveCfg = Debug_tao|Win32
		{45F04B00-8B07-4CFA-A6CE-EFCFB841297D}.Debug_tao.Build.0 = Debug_tao|Win32
		{45F04B00-8B07-4CFA-A6CE-EFCFB841297D}.Release.ActiveCfg = Debug_tao|Win32
		{45F04B00-8B07-4CFA-A6CE-EFCFB841297D}.Release.Build.0 = Debug_tao|Win32
		{64963DBF-BC0D-4ACE-BFEE-D991EA7B6C05}.Debug.ActiveCfg = Debug|Win32
		{64963DBF-BC0D-4ACE-BFEE-D991EA7B6C05}.Debug.Build.0 = Debug|Win32
		{64963DBF-BC0D-4ACE-BFEE-D991EA7B6C05}.Debug_mico.ActiveCfg = Debug|Win32
		{64963DBF-BC0D-4ACE-BFEE-D991EA7B6C05}.Debug_mico.Build.0 = Debug|Win32
		{64963DBF-BC0D-4ACE-BFEE-D991EA7B6C05}.Debug_orbacus.ActiveCfg = Debug|Win32
		{64963DBF-BC0D-4ACE-BFEE-D991EA7B6C05}.Debug_orbacus.Build.0 = Debug|Win32
		{64963DBF-BC0D-4ACE-BFEE-D991EA7B6C05}.Debug_tao.ActiveCfg = Debug|Win32
		{64963DBF-BC0D-4ACE-BFEE-D991EA7B6C05}.Debug_tao.Build.0 = Debug|Win32
		{64963DBF-BC0D-4ACE-BFEE-D991EA7B6C05}.Release.ActiveCfg = Release|Win32
		{64963DBF-BC0D-4ACE-BFEE-D991EA7B6C05}.Release.Build.0 = Release|Win32
		{99CAB6C1-2E2D-4E13-8938-4E2FEFDD7844}.Debug.ActiveCfg = Debug_tao|Win32
		{99CAB6C1-2E2D-4E13-8938-4E2FEFDD7844}.Debug.Build.0 = Debug_tao|Win32
		{99CAB6C1-2E2D-4E13-8938-4E2FEFDD7844}.Debug_mico.ActiveCfg = Debug_mico|Win32
		{99CAB6C1-2E2D-4E13-8938-4E2FEFDD7844}.Debug_mico.Build.0 = Debug_mico|Win32
		{99CAB6C1-2E2D-4E13-8938-4E2FEFDD7844}.Debug_orbacus.ActiveCfg = Debug_orbacus|Win32
		{99CAB6C1-2E2D-4E13-8938-4E2FEFDD7844}.Debug_orbacus.Build.0 = Debug_orbacus|Win32
		{99CAB6C1-2E2D-4E13-8938-4E2FEFDD7844}.Debug_tao.ActiveCfg = Debug_tao|Win32
		{99CAB6C1-2E2D-4E13-8938-4E2FEFDD7844}.Debug_tao.Build.0 = Debug_tao|Win32
		{99CAB6C1-2E2D-4E13-8938-4E2FEFDD7844}.Release.ActiveCfg = Debug_tao|Win32
		{99CAB6C1-2E2D-4E13-8938-4E2FEFDD7844}.Release.Build.0 = Debug_tao|Win32
		{91428F0D-8EB8-469E-BDF2-C976510CFAC2}.Debug.ActiveCfg = Debug_tao|Win32
		{91428F0D-8EB8-469E-BDF2-C976510CFAC2}.Debug.Build.0 = Debug_tao|Win32
		{91428F0D-8EB8-469E-BDF2-C976510CFAC2}.Debug_mico.ActiveCfg = Debug_mico|Win32
		{91428F0D-8EB8-469E-BDF2-C976510CFAC2}.Debug_mico.Build.0 = Debug_mico|Win32
		{91428F0D-8EB8-469E-BDF2-C976510CFAC2}.Debug_orbacus.ActiveCfg = Debug_orbacus|Win32
		{91428F0D-8EB8-469E-BDF2-C976510CFAC2}.Debug_orbacus.Build.0 = Debug_orbacus|Win32
		{91428F0D-8EB8-469E-BDF2-C976510CFAC2}.Debug_tao.ActiveCfg = Debug_tao|Win32
		{91428F0D-8EB8-469E-BDF2-C976510CFAC2}.Debug_tao.Build.0 = Debug_tao|Win32
		{91428F0D-8EB8-469E-BDF2-C976510CFAC2}.Release.ActiveCfg = Debug_tao|Win32
		{91428F0D-8EB8-469E-BDF2-C976510CFAC2}.Release.Build.0 = Debug_tao|Win32
		{72C36FEC-4731-4CCC-A1BB-452731CE9478}.Debug.ActiveCfg = Debug|Win32
		{72C36FEC-4731-4CCC-A1BB-452731CE9478}.Debug.Build.0 = Debug|Win32
		{72C36FEC-4731-4CCC-A1BB-452731CE9478}.Debug_mico.ActiveCfg = Debug|Win32
		{72C36FEC-4731-4CCC-A1BB-452731CE9478}.Debug_mico.Build.0 = Debug|Win32
		{72C36FEC-4731-4CCC-A1BB-452731CE9478}.Debug_orbacus.ActiveCfg = Debug|Win32
		{72C36FEC-4731-4CCC-A1BB-452731CE9478}.Debug_orbacus.Build.0 = Debug|Win32
		{72C36FEC-4731-4CCC-A1BB-452731CE9478}.Debug_tao.ActiveCfg = Debug|Win32
		{72C36FEC-4731-4CCC-A1BB-452731CE9478}.Debug_tao.Build.0 = Debug|Win32
		{72C36FEC-4731-4CCC-A1BB-452731CE9478}.Release.ActiveCfg = Release|Win32
		{72C36FEC-4731-4CCC-A1BB-452731CE9478}.Release.Build.0 = Release|Win32
		{B738A048-6354-4F66-A270-4A86CD0BFB15}.Debug.ActiveCfg = Debug_tao|Win32
		{B738A048-6354-4F66-A270-4A86CD0BFB15}.Debug.Build.0 = Debug_tao|Win32
		{B738A048-6354-4F66-A270-4A86CD0BFB15}.Debug_mico.ActiveCfg = Debug_mico|Win32
		{B738A048-6354-4F66-A270-4A86CD0BFB15}.Debug_mico.Build.0 = Debug_mico|Win32
		{B738A048-6354-4F66-A270-4A86CD0BFB15}.Debug_orbacus.ActiveCfg = Debug_orbacus|Win32
		{B738A048-6354-4F66-A270-4A86CD0BFB15}.Debug_orbacus.Build.0 = Debug_orbacus|Win32
		{B738A048-6354-4F66-A270-4A86CD0BFB15}.Debug_tao.ActiveCfg = Debug_tao|Win32
		{B738A048-6354-4F66-A270-4A86CD0BFB15}.Debug_tao.Build.0 = Debug_tao|Win32
		{B738A048-6354-4F66-A270-4A86CD0BFB15}.Release.ActiveCfg = Debug_tao|Win32
		{B738A048-6354-4F66-A270-4A86CD0BFB15}.Release.Build.0 = Debug_tao|Win32
		{0E66C3FB-7B5C-404C-B2EB-1DCA7BF7CC42}.Debug.ActiveCfg = Debug_tao|Win32
		{0E66C3FB-7B5C-404C-B2EB-1DCA7BF7CC42}.Debug.Build.0 = Debug_tao|Win32
		{0E66C3FB-7B5C-404C-B2EB-1DCA7BF7CC42}.Debug_mico.ActiveCfg = Debug_mico|Win32
		{0E66C3FB-7B5C-404C-B2EB-1DCA7BF7CC42}.Debug_mico.Build.0 = Debug_mico|Win32
		{0E66C3FB-7B5C-404C-B2EB-1DCA7BF7CC42}.Debug_orbacus.ActiveCfg = Debug_orbacus|Win32
		{0E66C3FB-7B5C-404C-B2EB-1DCA7BF7CC42}.Debug_orbacus.Build.0 = Debug_orbacus|Win32
		{0E66C3FB-7B5C-404C-B2EB-1DCA7BF7CC42}.Debug_tao.ActiveCfg = Debug_tao|Win32
		{0E66C3FB-7B5C-404C-B2EB-1DCA7BF7CC42}.Debug_tao.Build.0 = Debug_tao|Win32
		{0E66C3FB-7B5C-404C-B2EB-1DCA7BF7CC42}.Release.ActiveCfg = Debug_tao|Win32
		{0E66C3FB-7B5C-404C-B2EB-1DCA7BF7CC42}.Release.Build.0 = Debug_tao|Win32
		{C25F05C5-6576-466A-9CEF-0215A6A51EF1}.Debug.ActiveCfg = Debug|Win32
		{C25F05C5-6576-466A-9CEF-0215A6A51EF1}.Debug.Build.0 = Debug|Win32
		{C25F05C5-6576-466A-9CEF-0215A6A51EF1}.Debug_mico.ActiveCfg = Debug|Win32
		{C25F05C5-6576-466A-9CEF-0215A6A51EF1}.Debug_mico.Build.0 = Debug|Win32
		{C25F05C5-6576-466A-9CEF-0215A6A51EF1}.Debug_orbacus.ActiveCfg = Debug|Win32
		{C25F05C5-6576-466A-9CEF-0215A6A51EF1}.Debug_orbacus.Build.0 = Debug|Win32
		{C25F05C5-6576-466A-9CEF-0215A6A51EF1}.Debug_tao.ActiveCfg = Debug|Win32
		{C25F05C5-6576-466A-9CEF-0215A6A51EF1}.Debug_tao.Build.0 = Debug|Win32
		{C25F05C5-6576-466A-9CEF-0215A6A51EF1}.Release.ActiveCfg = Release|Win32
		{C25F05C5-6576-466A-9CEF-0215A6A51EF1}.Release.Build.0 = Release|Win32
	EndGlobalSection
	GlobalSection(ExtensibilityGlobals) = postSolution
	EndGlobalSection
	GlobalSection(ExtensibilityAddIns) = postSolution
	EndGlobalSection
EndGlobal
