Microsoft Visual Studio Solution File, Format Version 7.00
Project("{8BC9CEB8-8B4A-11D0-8D11-00A0C91BC942}") = "ComponentContainer", "ComponentContainer\ComponentContainer.vcproj", "{54EFB068-E701-4956-8BDA-C31AD9B2901A}"
EndProject
Project("{8BC9CEB8-8B4A-11D0-8D11-00A0C91BC942}") = "ComponentServer", "ComponentServer\ComponentServer.vcproj", "{C6506BFE-F0EA-47DE-970C-5E912352FA64}"
EndProject
Project("{8BC9CEB8-8B4A-11D0-8D11-00A0C91BC942}") = "ComponentServerActivator", "ComponentServerActivator\ComponentServerActivator.vcproj", "{A34AAEDC-36A4-4A67-9573-19027AC22CAA}"
EndProject
Project("{8BC9CEB8-8B4A-11D0-8D11-00A0C91BC942}") = "ComponentInstaller", "ComponentInstaller\ComponentInstaller.vcproj", "{0AB36FE7-9CD4-4CEF-B523-39189C78F3A2}"
EndProject
Project("{8BC9CEB8-8B4A-11D0-8D11-00A0C91BC942}") = "ComponentIDL", "ComponentIDL\ComponentIDL.vcproj", "{861222F4-9ADE-4721-B531-4BCDC95DCC73}"
EndProject
Project("{8BC9CEB8-8B4A-11D0-8D11-00A0C91BC942}") = "AssemblyFactory", "AssemblyFactory\AssemblyFactory.vcproj", "{D3A8DAD8-BA01-453D-B80C-773DA89DBA1C}"
EndProject
Project("{8BC9CEB8-8B4A-11D0-8D11-00A0C91BC942}") = "DeploymentClient", "DeploymentClient\DeploymentClient.vcproj", "{F64B5AA4-C5B6-4911-9A2B-CA1342FFC996}"
EndProject
Project("{8BC9CEB8-8B4A-11D0-8D11-00A0C91BC942}") = "HomeFinder", "HomeFinder\HomeFinder.vcproj", "{1537F5B1-E922-4190-A5D3-0AB06BF822A6}"
EndProject
Global
	GlobalSection(SolutionConfiguration) = preSolution
		ConfigName.0 = Debug_mico
		ConfigName.1 = Debug_orbacus
		ConfigName.2 = Debug_tao
		ConfigName.3 = Release_orbacus
	EndGlobalSection
	GlobalSection(ProjectDependencies) = postSolution
		{54EFB068-E701-4956-8BDA-C31AD9B2901A}.0 = {861222F4-9ADE-4721-B531-4BCDC95DCC73}
		{C6506BFE-F0EA-47DE-970C-5E912352FA64}.0 = {861222F4-9ADE-4721-B531-4BCDC95DCC73}
		{C6506BFE-F0EA-47DE-970C-5E912352FA64}.1 = {54EFB068-E701-4956-8BDA-C31AD9B2901A}
		{A34AAEDC-36A4-4A67-9573-19027AC22CAA}.0 = {861222F4-9ADE-4721-B531-4BCDC95DCC73}
		{A34AAEDC-36A4-4A67-9573-19027AC22CAA}.1 = {54EFB068-E701-4956-8BDA-C31AD9B2901A}
		{0AB36FE7-9CD4-4CEF-B523-39189C78F3A2}.0 = {861222F4-9ADE-4721-B531-4BCDC95DCC73}
		{D3A8DAD8-BA01-453D-B80C-773DA89DBA1C}.0 = {54EFB068-E701-4956-8BDA-C31AD9B2901A}
		{D3A8DAD8-BA01-453D-B80C-773DA89DBA1C}.1 = {861222F4-9ADE-4721-B531-4BCDC95DCC73}
		{F64B5AA4-C5B6-4911-9A2B-CA1342FFC996}.0 = {861222F4-9ADE-4721-B531-4BCDC95DCC73}
		{F64B5AA4-C5B6-4911-9A2B-CA1342FFC996}.1 = {54EFB068-E701-4956-8BDA-C31AD9B2901A}
		{F64B5AA4-C5B6-4911-9A2B-CA1342FFC996}.2 = {D3A8DAD8-BA01-453D-B80C-773DA89DBA1C}
		{1537F5B1-E922-4190-A5D3-0AB06BF822A6}.0 = {861222F4-9ADE-4721-B531-4BCDC95DCC73}
		{1537F5B1-E922-4190-A5D3-0AB06BF822A6}.1 = {54EFB068-E701-4956-8BDA-C31AD9B2901A}
	EndGlobalSection
	GlobalSection(ProjectConfiguration) = postSolution
		{54EFB068-E701-4956-8BDA-C31AD9B2901A}.Debug_mico.ActiveCfg = Debug_mico|Win32
		{54EFB068-E701-4956-8BDA-C31AD9B2901A}.Debug_mico.Build.0 = Debug_mico|Win32
		{54EFB068-E701-4956-8BDA-C31AD9B2901A}.Debug_orbacus.ActiveCfg = Debug_orbacus|Win32
		{54EFB068-E701-4956-8BDA-C31AD9B2901A}.Debug_orbacus.Build.0 = Debug_orbacus|Win32
		{54EFB068-E701-4956-8BDA-C31AD9B2901A}.Debug_tao.ActiveCfg = Debug_tao|Win32
		{54EFB068-E701-4956-8BDA-C31AD9B2901A}.Debug_tao.Build.0 = Debug_tao|Win32
		{54EFB068-E701-4956-8BDA-C31AD9B2901A}.Release_orbacus.ActiveCfg = Release_orbacus|Win32
		{54EFB068-E701-4956-8BDA-C31AD9B2901A}.Release_orbacus.Build.0 = Release_orbacus|Win32
		{C6506BFE-F0EA-47DE-970C-5E912352FA64}.Debug_mico.ActiveCfg = Debug_mico|Win32
		{C6506BFE-F0EA-47DE-970C-5E912352FA64}.Debug_mico.Build.0 = Debug_mico|Win32
		{C6506BFE-F0EA-47DE-970C-5E912352FA64}.Debug_orbacus.ActiveCfg = Debug_orbacus|Win32
		{C6506BFE-F0EA-47DE-970C-5E912352FA64}.Debug_orbacus.Build.0 = Debug_orbacus|Win32
		{C6506BFE-F0EA-47DE-970C-5E912352FA64}.Debug_tao.ActiveCfg = Debug_tao|Win32
		{C6506BFE-F0EA-47DE-970C-5E912352FA64}.Debug_tao.Build.0 = Debug_tao|Win32
		{C6506BFE-F0EA-47DE-970C-5E912352FA64}.Release_orbacus.ActiveCfg = Release_orbacus|Win32
		{C6506BFE-F0EA-47DE-970C-5E912352FA64}.Release_orbacus.Build.0 = Release_orbacus|Win32
		{A34AAEDC-36A4-4A67-9573-19027AC22CAA}.Debug_mico.ActiveCfg = Debug_mico|Win32
		{A34AAEDC-36A4-4A67-9573-19027AC22CAA}.Debug_mico.Build.0 = Debug_mico|Win32
		{A34AAEDC-36A4-4A67-9573-19027AC22CAA}.Debug_orbacus.ActiveCfg = Debug_orbacus|Win32
		{A34AAEDC-36A4-4A67-9573-19027AC22CAA}.Debug_orbacus.Build.0 = Debug_orbacus|Win32
		{A34AAEDC-36A4-4A67-9573-19027AC22CAA}.Debug_tao.ActiveCfg = Debug_tao|Win32
		{A34AAEDC-36A4-4A67-9573-19027AC22CAA}.Debug_tao.Build.0 = Debug_tao|Win32
		{A34AAEDC-36A4-4A67-9573-19027AC22CAA}.Release_orbacus.ActiveCfg = Release_orbacus|Win32
		{A34AAEDC-36A4-4A67-9573-19027AC22CAA}.Release_orbacus.Build.0 = Release_orbacus|Win32
		{0AB36FE7-9CD4-4CEF-B523-39189C78F3A2}.Debug_mico.ActiveCfg = Debug_mico|Win32
		{0AB36FE7-9CD4-4CEF-B523-39189C78F3A2}.Debug_mico.Build.0 = Debug_mico|Win32
		{0AB36FE7-9CD4-4CEF-B523-39189C78F3A2}.Debug_orbacus.ActiveCfg = Debug_orbacus|Win32
		{0AB36FE7-9CD4-4CEF-B523-39189C78F3A2}.Debug_orbacus.Build.0 = Debug_orbacus|Win32
		{0AB36FE7-9CD4-4CEF-B523-39189C78F3A2}.Debug_tao.ActiveCfg = Debug_tao|Win32
		{0AB36FE7-9CD4-4CEF-B523-39189C78F3A2}.Debug_tao.Build.0 = Debug_tao|Win32
		{0AB36FE7-9CD4-4CEF-B523-39189C78F3A2}.Release_orbacus.ActiveCfg = Release_orbacus|Win32
		{0AB36FE7-9CD4-4CEF-B523-39189C78F3A2}.Release_orbacus.Build.0 = Release_orbacus|Win32
		{861222F4-9ADE-4721-B531-4BCDC95DCC73}.Debug_mico.ActiveCfg = Debug_mico|Win32
		{861222F4-9ADE-4721-B531-4BCDC95DCC73}.Debug_mico.Build.0 = Debug_mico|Win32
		{861222F4-9ADE-4721-B531-4BCDC95DCC73}.Debug_orbacus.ActiveCfg = Debug_orbacus|Win32
		{861222F4-9ADE-4721-B531-4BCDC95DCC73}.Debug_orbacus.Build.0 = Debug_orbacus|Win32
		{861222F4-9ADE-4721-B531-4BCDC95DCC73}.Debug_tao.ActiveCfg = Debug_tao|Win32
		{861222F4-9ADE-4721-B531-4BCDC95DCC73}.Debug_tao.Build.0 = Debug_tao|Win32
		{861222F4-9ADE-4721-B531-4BCDC95DCC73}.Release_orbacus.ActiveCfg = Release_orbacus|Win32
		{861222F4-9ADE-4721-B531-4BCDC95DCC73}.Release_orbacus.Build.0 = Release_orbacus|Win32
		{D3A8DAD8-BA01-453D-B80C-773DA89DBA1C}.Debug_mico.ActiveCfg = Debug_mico|Win32
		{D3A8DAD8-BA01-453D-B80C-773DA89DBA1C}.Debug_mico.Build.0 = Debug_mico|Win32
		{D3A8DAD8-BA01-453D-B80C-773DA89DBA1C}.Debug_orbacus.ActiveCfg = Debug_orbacus|Win32
		{D3A8DAD8-BA01-453D-B80C-773DA89DBA1C}.Debug_orbacus.Build.0 = Debug_orbacus|Win32
		{D3A8DAD8-BA01-453D-B80C-773DA89DBA1C}.Debug_tao.ActiveCfg = Debug_tao|Win32
		{D3A8DAD8-BA01-453D-B80C-773DA89DBA1C}.Debug_tao.Build.0 = Debug_tao|Win32
		{D3A8DAD8-BA01-453D-B80C-773DA89DBA1C}.Release_orbacus.ActiveCfg = Release_orbacus|Win32
		{D3A8DAD8-BA01-453D-B80C-773DA89DBA1C}.Release_orbacus.Build.0 = Release_orbacus|Win32
		{F64B5AA4-C5B6-4911-9A2B-CA1342FFC996}.Debug_mico.ActiveCfg = Debug_mico|Win32
		{F64B5AA4-C5B6-4911-9A2B-CA1342FFC996}.Debug_mico.Build.0 = Debug_mico|Win32
		{F64B5AA4-C5B6-4911-9A2B-CA1342FFC996}.Debug_orbacus.ActiveCfg = Debug_orbacus|Win32
		{F64B5AA4-C5B6-4911-9A2B-CA1342FFC996}.Debug_orbacus.Build.0 = Debug_orbacus|Win32
		{F64B5AA4-C5B6-4911-9A2B-CA1342FFC996}.Debug_tao.ActiveCfg = Debug_tao|Win32
		{F64B5AA4-C5B6-4911-9A2B-CA1342FFC996}.Debug_tao.Build.0 = Debug_tao|Win32
		{F64B5AA4-C5B6-4911-9A2B-CA1342FFC996}.Release_orbacus.ActiveCfg = Release_orbacus|Win32
		{F64B5AA4-C5B6-4911-9A2B-CA1342FFC996}.Release_orbacus.Build.0 = Release_orbacus|Win32
		{1537F5B1-E922-4190-A5D3-0AB06BF822A6}.Debug_mico.ActiveCfg = Debug_mico|Win32
		{1537F5B1-E922-4190-A5D3-0AB06BF822A6}.Debug_mico.Build.0 = Debug_mico|Win32
		{1537F5B1-E922-4190-A5D3-0AB06BF822A6}.Debug_orbacus.ActiveCfg = Debug_orbacus|Win32
		{1537F5B1-E922-4190-A5D3-0AB06BF822A6}.Debug_orbacus.Build.0 = Debug_orbacus|Win32
		{1537F5B1-E922-4190-A5D3-0AB06BF822A6}.Debug_tao.ActiveCfg = Debug_tao|Win32
		{1537F5B1-E922-4190-A5D3-0AB06BF822A6}.Debug_tao.Build.0 = Debug_tao|Win32
		{1537F5B1-E922-4190-A5D3-0AB06BF822A6}.Release_orbacus.ActiveCfg = Release_orbacus|Win32
		{1537F5B1-E922-4190-A5D3-0AB06BF822A6}.Release_orbacus.Build.0 = Release_orbacus|Win32
	EndGlobalSection
	GlobalSection(ExtensibilityGlobals) = postSolution
	EndGlobalSection
	GlobalSection(ExtensibilityAddIns) = postSolution
	EndGlobalSection
EndGlobal
