Microsoft Visual Studio Solution File, Format Version 7.00
Project("{8BC9CEB8-8B4A-11D0-8D11-00A0C91BC942}") = "ComponentContainer", "ComponentContainer\ComponentContainer.vcproj", "{54EFB068-E701-4956-8BDA-C31AD9B2901A}"
EndProject
Project("{8BC9CEB8-8B4A-11D0-8D11-00A0C91BC942}") = "ComponentServer", "ComponentServer\ComponentServer.vcproj", "{C6506BFE-F0EA-47DE-970C-5E912352FA64}"
EndProject
Project("{8BC9CEB8-8B4A-11D0-8D11-00A0C91BC942}") = "ComponentServerActivator", "ComponentServerActivator\ComponentServerActivator.vcproj", "{A34AAEDC-36A4-4A67-9573-19027AC22CAA}"
EndProject
Project("{8BC9CEB8-8B4A-11D0-8D11-00A0C91BC942}") = "ComponentInstaller", "ComponentInstaller\ComponentInstaller.vcproj", "{0AB36FE7-9CD4-4CEF-B523-39189C78F3A2}"
EndProject
Project("{8BC9CEB8-8B4A-11D0-8D11-00A0C91BC942}") = "ComponentIDL", "ComponentIDL\ComponentIDL.vcproj", "{861222F4-9ADE-4721-B531-4BCDC95DCC73}"
EndProject
Project("{8BC9CEB8-8B4A-11D0-8D11-00A0C91BC942}") = "AssemblyFactory", "AssemblyFactory\AssemblyFactory.vcproj", "{D3A8DAD8-BA01-453D-B80C-773DA89DBA1C}"
EndProject
Project("{8BC9CEB8-8B4A-11D0-8D11-00A0C91BC942}") = "DeploymentClient", "DeploymentClient\DeploymentClient.vcproj", "{F64B5AA4-C5B6-4911-9A2B-CA1342FFC996}"
EndProject
Project("{8BC9CEB8-8B4A-11D0-8D11-00A0C91BC942}") = "HomeFinder", "HomeFinder\HomeFinder.vcproj", "{1537F5B1-E922-4190-A5D3-0AB06BF822A6}"
EndProject
Project("{8BC9CEB8-8B4A-11D0-8D11-00A0C91BC942}") = "GenDef", "gendef\gendef.vcproj", "{4E937E94-254F-4983-962E-5D05EDEC437E}"
EndProject
Project("{8BC9CEB8-8B4A-11D0-8D11-00A0C91BC942}") = "QedoUtil", "qedoutil\qedoutil.vcproj", "{BFEB5186-CAA5-4E9B-B198-BC5AD962F0F1}"
EndProject
Project("{8BC9CEB8-8B4A-11D0-8D11-00A0C91BC942}") = "qcontroller", "qcontroller\qcontroller.vcproj", "{954B574F-F5E4-44AD-A14F-B16E7FB1ED70}"
EndProject
Project("{8BC9CEB8-8B4A-11D0-8D11-00A0C91BC942}") = "explore_server", "explore_server\explore_server.vcproj", "{FA7A5A08-C494-44E2-9C09-B276759D57D8}"
EndProject
Global
	GlobalSection(SolutionConfiguration) = preSolution
		ConfigName.0 = Debug
		ConfigName.1 = Debug_mico
		ConfigName.2 = Debug_orbacus
		ConfigName.3 = Debug_tao
		ConfigName.4 = Release
		ConfigName.5 = Release_orbacus
	EndGlobalSection
	GlobalSection(ProjectDependencies) = postSolution
		{54EFB068-E701-4956-8BDA-C31AD9B2901A}.0 = {4E937E94-254F-4983-962E-5D05EDEC437E}
		{54EFB068-E701-4956-8BDA-C31AD9B2901A}.1 = {BFEB5186-CAA5-4E9B-B198-BC5AD962F0F1}
		{54EFB068-E701-4956-8BDA-C31AD9B2901A}.2 = {861222F4-9ADE-4721-B531-4BCDC95DCC73}
		{C6506BFE-F0EA-47DE-970C-5E912352FA64}.0 = {861222F4-9ADE-4721-B531-4BCDC95DCC73}
		{C6506BFE-F0EA-47DE-970C-5E912352FA64}.1 = {BFEB5186-CAA5-4E9B-B198-BC5AD962F0F1}
		{C6506BFE-F0EA-47DE-970C-5E912352FA64}.2 = {54EFB068-E701-4956-8BDA-C31AD9B2901A}
		{A34AAEDC-36A4-4A67-9573-19027AC22CAA}.0 = {861222F4-9ADE-4721-B531-4BCDC95DCC73}
		{A34AAEDC-36A4-4A67-9573-19027AC22CAA}.1 = {BFEB5186-CAA5-4E9B-B198-BC5AD962F0F1}
		{0AB36FE7-9CD4-4CEF-B523-39189C78F3A2}.0 = {54EFB068-E701-4956-8BDA-C31AD9B2901A}
		{0AB36FE7-9CD4-4CEF-B523-39189C78F3A2}.1 = {861222F4-9ADE-4721-B531-4BCDC95DCC73}
		{0AB36FE7-9CD4-4CEF-B523-39189C78F3A2}.2 = {BFEB5186-CAA5-4E9B-B198-BC5AD962F0F1}
		{861222F4-9ADE-4721-B531-4BCDC95DCC73}.0 = {4E937E94-254F-4983-962E-5D05EDEC437E}
		{D3A8DAD8-BA01-453D-B80C-773DA89DBA1C}.0 = {54EFB068-E701-4956-8BDA-C31AD9B2901A}
		{D3A8DAD8-BA01-453D-B80C-773DA89DBA1C}.1 = {BFEB5186-CAA5-4E9B-B198-BC5AD962F0F1}
		{D3A8DAD8-BA01-453D-B80C-773DA89DBA1C}.2 = {861222F4-9ADE-4721-B531-4BCDC95DCC73}
		{F64B5AA4-C5B6-4911-9A2B-CA1342FFC996}.0 = {54EFB068-E701-4956-8BDA-C31AD9B2901A}
		{F64B5AA4-C5B6-4911-9A2B-CA1342FFC996}.1 = {861222F4-9ADE-4721-B531-4BCDC95DCC73}
		{F64B5AA4-C5B6-4911-9A2B-CA1342FFC996}.2 = {BFEB5186-CAA5-4E9B-B198-BC5AD962F0F1}
		{F64B5AA4-C5B6-4911-9A2B-CA1342FFC996}.3 = {D3A8DAD8-BA01-453D-B80C-773DA89DBA1C}
		{1537F5B1-E922-4190-A5D3-0AB06BF822A6}.0 = {861222F4-9ADE-4721-B531-4BCDC95DCC73}
		{1537F5B1-E922-4190-A5D3-0AB06BF822A6}.1 = {BFEB5186-CAA5-4E9B-B198-BC5AD962F0F1}
		{BFEB5186-CAA5-4E9B-B198-BC5AD962F0F1}.0 = {861222F4-9ADE-4721-B531-4BCDC95DCC73}
		{954B574F-F5E4-44AD-A14F-B16E7FB1ED70}.0 = {BFEB5186-CAA5-4E9B-B198-BC5AD962F0F1}
	EndGlobalSection
	GlobalSection(ProjectConfiguration) = postSolution
		{54EFB068-E701-4956-8BDA-C31AD9B2901A}.Debug.ActiveCfg = Debug|Win32
		{54EFB068-E701-4956-8BDA-C31AD9B2901A}.Debug.Build.0 = Debug|Win32
		{54EFB068-E701-4956-8BDA-C31AD9B2901A}.Debug_mico.ActiveCfg = Debug_mico|Win32
		{54EFB068-E701-4956-8BDA-C31AD9B2901A}.Debug_mico.Build.0 = Debug_mico|Win32
		{54EFB068-E701-4956-8BDA-C31AD9B2901A}.Debug_orbacus.ActiveCfg = Debug_orbacus|Win32
		{54EFB068-E701-4956-8BDA-C31AD9B2901A}.Debug_orbacus.Build.0 = Debug_orbacus|Win32
		{54EFB068-E701-4956-8BDA-C31AD9B2901A}.Debug_tao.ActiveCfg = Debug_tao|Win32
		{54EFB068-E701-4956-8BDA-C31AD9B2901A}.Debug_tao.Build.0 = Debug_tao|Win32
		{54EFB068-E701-4956-8BDA-C31AD9B2901A}.Release.ActiveCfg = Release|Win32
		{54EFB068-E701-4956-8BDA-C31AD9B2901A}.Release.Build.0 = Release|Win32
		{54EFB068-E701-4956-8BDA-C31AD9B2901A}.Release_orbacus.ActiveCfg = Release_orbacus|Win32
		{54EFB068-E701-4956-8BDA-C31AD9B2901A}.Release_orbacus.Build.0 = Release_orbacus|Win32
		{C6506BFE-F0EA-47DE-970C-5E912352FA64}.Debug.ActiveCfg = Debug|Win32
		{C6506BFE-F0EA-47DE-970C-5E912352FA64}.Debug.Build.0 = Debug|Win32
		{C6506BFE-F0EA-47DE-970C-5E912352FA64}.Debug_mico.ActiveCfg = Debug_mico|Win32
		{C6506BFE-F0EA-47DE-970C-5E912352FA64}.Debug_mico.Build.0 = Debug_mico|Win32
		{C6506BFE-F0EA-47DE-970C-5E912352FA64}.Debug_orbacus.ActiveCfg = Debug_orbacus|Win32
		{C6506BFE-F0EA-47DE-970C-5E912352FA64}.Debug_orbacus.Build.0 = Debug_orbacus|Win32
		{C6506BFE-F0EA-47DE-970C-5E912352FA64}.Debug_tao.ActiveCfg = Debug_tao|Win32
		{C6506BFE-F0EA-47DE-970C-5E912352FA64}.Debug_tao.Build.0 = Debug_tao|Win32
		{C6506BFE-F0EA-47DE-970C-5E912352FA64}.Release.ActiveCfg = Release|Win32
		{C6506BFE-F0EA-47DE-970C-5E912352FA64}.Release.Build.0 = Release|Win32
		{C6506BFE-F0EA-47DE-970C-5E912352FA64}.Release_orbacus.ActiveCfg = Release_orbacus|Win32
		{C6506BFE-F0EA-47DE-970C-5E912352FA64}.Release_orbacus.Build.0 = Release_orbacus|Win32
		{A34AAEDC-36A4-4A67-9573-19027AC22CAA}.Debug.ActiveCfg = Debug|Win32
		{A34AAEDC-36A4-4A67-9573-19027AC22CAA}.Debug.Build.0 = Debug|Win32
		{A34AAEDC-36A4-4A67-9573-19027AC22CAA}.Debug_mico.ActiveCfg = Debug_mico|Win32
		{A34AAEDC-36A4-4A67-9573-19027AC22CAA}.Debug_mico.Build.0 = Debug_mico|Win32
		{A34AAEDC-36A4-4A67-9573-19027AC22CAA}.Debug_orbacus.ActiveCfg = Debug_orbacus|Win32
		{A34AAEDC-36A4-4A67-9573-19027AC22CAA}.Debug_orbacus.Build.0 = Debug_orbacus|Win32
		{A34AAEDC-36A4-4A67-9573-19027AC22CAA}.Debug_tao.ActiveCfg = Debug_tao|Win32
		{A34AAEDC-36A4-4A67-9573-19027AC22CAA}.Debug_tao.Build.0 = Debug_tao|Win32
		{A34AAEDC-36A4-4A67-9573-19027AC22CAA}.Release.ActiveCfg = Release|Win32
		{A34AAEDC-36A4-4A67-9573-19027AC22CAA}.Release.Build.0 = Release|Win32
		{A34AAEDC-36A4-4A67-9573-19027AC22CAA}.Release_orbacus.ActiveCfg = Release_orbacus|Win32
		{A34AAEDC-36A4-4A67-9573-19027AC22CAA}.Release_orbacus.Build.0 = Release_orbacus|Win32
		{0AB36FE7-9CD4-4CEF-B523-39189C78F3A2}.Debug.ActiveCfg = Debug|Win32
		{0AB36FE7-9CD4-4CEF-B523-39189C78F3A2}.Debug.Build.0 = Debug|Win32
		{0AB36FE7-9CD4-4CEF-B523-39189C78F3A2}.Debug_mico.ActiveCfg = Debug_mico|Win32
		{0AB36FE7-9CD4-4CEF-B523-39189C78F3A2}.Debug_mico.Build.0 = Debug_mico|Win32
		{0AB36FE7-9CD4-4CEF-B523-39189C78F3A2}.Debug_orbacus.ActiveCfg = Debug_orbacus|Win32
		{0AB36FE7-9CD4-4CEF-B523-39189C78F3A2}.Debug_orbacus.Build.0 = Debug_orbacus|Win32
		{0AB36FE7-9CD4-4CEF-B523-39189C78F3A2}.Debug_tao.ActiveCfg = Debug_tao|Win32
		{0AB36FE7-9CD4-4CEF-B523-39189C78F3A2}.Debug_tao.Build.0 = Debug_tao|Win32
		{0AB36FE7-9CD4-4CEF-B523-39189C78F3A2}.Release.ActiveCfg = Release|Win32
		{0AB36FE7-9CD4-4CEF-B523-39189C78F3A2}.Release.Build.0 = Release|Win32
		{0AB36FE7-9CD4-4CEF-B523-39189C78F3A2}.Release_orbacus.ActiveCfg = Release_orbacus|Win32
		{0AB36FE7-9CD4-4CEF-B523-39189C78F3A2}.Release_orbacus.Build.0 = Release_orbacus|Win32
		{861222F4-9ADE-4721-B531-4BCDC95DCC73}.Debug.ActiveCfg = Debug|Win32
		{861222F4-9ADE-4721-B531-4BCDC95DCC73}.Debug.Build.0 = Debug|Win32
		{861222F4-9ADE-4721-B531-4BCDC95DCC73}.Debug_mico.ActiveCfg = Debug_mico|Win32
		{861222F4-9ADE-4721-B531-4BCDC95DCC73}.Debug_mico.Build.0 = Debug_mico|Win32
		{861222F4-9ADE-4721-B531-4BCDC95DCC73}.Debug_orbacus.ActiveCfg = Debug_orbacus|Win32
		{861222F4-9ADE-4721-B531-4BCDC95DCC73}.Debug_orbacus.Build.0 = Debug_orbacus|Win32
		{861222F4-9ADE-4721-B531-4BCDC95DCC73}.Debug_tao.ActiveCfg = Debug_tao|Win32
		{861222F4-9ADE-4721-B531-4BCDC95DCC73}.Debug_tao.Build.0 = Debug_tao|Win32
		{861222F4-9ADE-4721-B531-4BCDC95DCC73}.Release.ActiveCfg = Release|Win32
		{861222F4-9ADE-4721-B531-4BCDC95DCC73}.Release.Build.0 = Release|Win32
		{861222F4-9ADE-4721-B531-4BCDC95DCC73}.Release_orbacus.ActiveCfg = Release_orbacus|Win32
		{861222F4-9ADE-4721-B531-4BCDC95DCC73}.Release_orbacus.Build.0 = Release_orbacus|Win32
		{D3A8DAD8-BA01-453D-B80C-773DA89DBA1C}.Debug.ActiveCfg = Debug|Win32
		{D3A8DAD8-BA01-453D-B80C-773DA89DBA1C}.Debug.Build.0 = Debug|Win32
		{D3A8DAD8-BA01-453D-B80C-773DA89DBA1C}.Debug_mico.ActiveCfg = Debug_mico|Win32
		{D3A8DAD8-BA01-453D-B80C-773DA89DBA1C}.Debug_mico.Build.0 = Debug_mico|Win32
		{D3A8DAD8-BA01-453D-B80C-773DA89DBA1C}.Debug_orbacus.ActiveCfg = Debug_orbacus|Win32
		{D3A8DAD8-BA01-453D-B80C-773DA89DBA1C}.Debug_orbacus.Build.0 = Debug_orbacus|Win32
		{D3A8DAD8-BA01-453D-B80C-773DA89DBA1C}.Debug_tao.ActiveCfg = Debug_tao|Win32
		{D3A8DAD8-BA01-453D-B80C-773DA89DBA1C}.Debug_tao.Build.0 = Debug_tao|Win32
		{D3A8DAD8-BA01-453D-B80C-773DA89DBA1C}.Release.ActiveCfg = Release|Win32
		{D3A8DAD8-BA01-453D-B80C-773DA89DBA1C}.Release.Build.0 = Release|Win32
		{D3A8DAD8-BA01-453D-B80C-773DA89DBA1C}.Release_orbacus.ActiveCfg = Release_orbacus|Win32
		{D3A8DAD8-BA01-453D-B80C-773DA89DBA1C}.Release_orbacus.Build.0 = Release_orbacus|Win32
		{F64B5AA4-C5B6-4911-9A2B-CA1342FFC996}.Debug.ActiveCfg = Debug_tao|Win32
		{F64B5AA4-C5B6-4911-9A2B-CA1342FFC996}.Debug.Build.0 = Debug_tao|Win32
		{F64B5AA4-C5B6-4911-9A2B-CA1342FFC996}.Debug_mico.ActiveCfg = Debug_mico|Win32
		{F64B5AA4-C5B6-4911-9A2B-CA1342FFC996}.Debug_mico.Build.0 = Debug_mico|Win32
		{F64B5AA4-C5B6-4911-9A2B-CA1342FFC996}.Debug_orbacus.ActiveCfg = Debug_orbacus|Win32
		{F64B5AA4-C5B6-4911-9A2B-CA1342FFC996}.Debug_orbacus.Build.0 = Debug_orbacus|Win32
		{F64B5AA4-C5B6-4911-9A2B-CA1342FFC996}.Debug_tao.ActiveCfg = Debug_tao|Win32
		{F64B5AA4-C5B6-4911-9A2B-CA1342FFC996}.Debug_tao.Build.0 = Debug_tao|Win32
		{F64B5AA4-C5B6-4911-9A2B-CA1342FFC996}.Release.ActiveCfg = Release|Win32
		{F64B5AA4-C5B6-4911-9A2B-CA1342FFC996}.Release.Build.0 = Release|Win32
		{F64B5AA4-C5B6-4911-9A2B-CA1342FFC996}.Release_orbacus.ActiveCfg = Release_orbacus|Win32
		{F64B5AA4-C5B6-4911-9A2B-CA1342FFC996}.Release_orbacus.Build.0 = Release_orbacus|Win32
		{1537F5B1-E922-4190-A5D3-0AB06BF822A6}.Debug.ActiveCfg = Debug|Win32
		{1537F5B1-E922-4190-A5D3-0AB06BF822A6}.Debug.Build.0 = Debug|Win32
		{1537F5B1-E922-4190-A5D3-0AB06BF822A6}.Debug_mico.ActiveCfg = Debug_mico|Win32
		{1537F5B1-E922-4190-A5D3-0AB06BF822A6}.Debug_mico.Build.0 = Debug_mico|Win32
		{1537F5B1-E922-4190-A5D3-0AB06BF822A6}.Debug_orbacus.ActiveCfg = Debug_orbacus|Win32
		{1537F5B1-E922-4190-A5D3-0AB06BF822A6}.Debug_orbacus.Build.0 = Debug_orbacus|Win32
		{1537F5B1-E922-4190-A5D3-0AB06BF822A6}.Debug_tao.ActiveCfg = Debug_tao|Win32
		{1537F5B1-E922-4190-A5D3-0AB06BF822A6}.Debug_tao.Build.0 = Debug_tao|Win32
		{1537F5B1-E922-4190-A5D3-0AB06BF822A6}.Release.ActiveCfg = Release|Win32
		{1537F5B1-E922-4190-A5D3-0AB06BF822A6}.Release.Build.0 = Release|Win32
		{1537F5B1-E922-4190-A5D3-0AB06BF822A6}.Release_orbacus.ActiveCfg = Release_orbacus|Win32
		{1537F5B1-E922-4190-A5D3-0AB06BF822A6}.Release_orbacus.Build.0 = Release_orbacus|Win32
		{4E937E94-254F-4983-962E-5D05EDEC437E}.Debug.ActiveCfg = Debug|Win32
		{4E937E94-254F-4983-962E-5D05EDEC437E}.Debug.Build.0 = Debug|Win32
		{4E937E94-254F-4983-962E-5D05EDEC437E}.Debug_mico.ActiveCfg = Debug_mico|Win32
		{4E937E94-254F-4983-962E-5D05EDEC437E}.Debug_mico.Build.0 = Debug_mico|Win32
		{4E937E94-254F-4983-962E-5D05EDEC437E}.Debug_orbacus.ActiveCfg = Debug_orbacus|Win32
		{4E937E94-254F-4983-962E-5D05EDEC437E}.Debug_orbacus.Build.0 = Debug_orbacus|Win32
		{4E937E94-254F-4983-962E-5D05EDEC437E}.Debug_tao.ActiveCfg = Debug|Win32
		{4E937E94-254F-4983-962E-5D05EDEC437E}.Debug_tao.Build.0 = Debug|Win32
		{4E937E94-254F-4983-962E-5D05EDEC437E}.Release.ActiveCfg = Release|Win32
		{4E937E94-254F-4983-962E-5D05EDEC437E}.Release.Build.0 = Release|Win32
		{4E937E94-254F-4983-962E-5D05EDEC437E}.Release_orbacus.ActiveCfg = Release|Win32
		{4E937E94-254F-4983-962E-5D05EDEC437E}.Release_orbacus.Build.0 = Release|Win32
		{BFEB5186-CAA5-4E9B-B198-BC5AD962F0F1}.Debug.ActiveCfg = Debug|Win32
		{BFEB5186-CAA5-4E9B-B198-BC5AD962F0F1}.Debug.Build.0 = Debug|Win32
		{BFEB5186-CAA5-4E9B-B198-BC5AD962F0F1}.Debug_mico.ActiveCfg = Debug_mico|Win32
		{BFEB5186-CAA5-4E9B-B198-BC5AD962F0F1}.Debug_mico.Build.0 = Debug_mico|Win32
		{BFEB5186-CAA5-4E9B-B198-BC5AD962F0F1}.Debug_orbacus.ActiveCfg = Debug_orbacus|Win32
		{BFEB5186-CAA5-4E9B-B198-BC5AD962F0F1}.Debug_orbacus.Build.0 = Debug_orbacus|Win32
		{BFEB5186-CAA5-4E9B-B198-BC5AD962F0F1}.Debug_tao.ActiveCfg = Debug|Win32
		{BFEB5186-CAA5-4E9B-B198-BC5AD962F0F1}.Debug_tao.Build.0 = Debug|Win32
		{BFEB5186-CAA5-4E9B-B198-BC5AD962F0F1}.Release.ActiveCfg = Release|Win32
		{BFEB5186-CAA5-4E9B-B198-BC5AD962F0F1}.Release.Build.0 = Release|Win32
		{BFEB5186-CAA5-4E9B-B198-BC5AD962F0F1}.Release_orbacus.ActiveCfg = Release|Win32
		{BFEB5186-CAA5-4E9B-B198-BC5AD962F0F1}.Release_orbacus.Build.0 = Release|Win32
		{954B574F-F5E4-44AD-A14F-B16E7FB1ED70}.Debug.ActiveCfg = Debug|Win32
		{954B574F-F5E4-44AD-A14F-B16E7FB1ED70}.Debug.Build.0 = Debug|Win32
		{954B574F-F5E4-44AD-A14F-B16E7FB1ED70}.Debug_mico.ActiveCfg = Debug|Win32
		{954B574F-F5E4-44AD-A14F-B16E7FB1ED70}.Debug_orbacus.ActiveCfg = Debug|Win32
		{954B574F-F5E4-44AD-A14F-B16E7FB1ED70}.Debug_orbacus.Build.0 = Debug|Win32
		{954B574F-F5E4-44AD-A14F-B16E7FB1ED70}.Debug_tao.ActiveCfg = Debug|Win32
		{954B574F-F5E4-44AD-A14F-B16E7FB1ED70}.Debug_tao.Build.0 = Debug|Win32
		{954B574F-F5E4-44AD-A14F-B16E7FB1ED70}.Release.ActiveCfg = Release|Win32
		{954B574F-F5E4-44AD-A14F-B16E7FB1ED70}.Release.Build.0 = Release|Win32
		{954B574F-F5E4-44AD-A14F-B16E7FB1ED70}.Release_orbacus.ActiveCfg = Release|Win32
		{954B574F-F5E4-44AD-A14F-B16E7FB1ED70}.Release_orbacus.Build.0 = Release|Win32
		{FA7A5A08-C494-44E2-9C09-B276759D57D8}.Debug.ActiveCfg = Debug|Win32
		{FA7A5A08-C494-44E2-9C09-B276759D57D8}.Debug.Build.0 = Debug|Win32
		{FA7A5A08-C494-44E2-9C09-B276759D57D8}.Debug_mico.ActiveCfg = Debug|Win32
		{FA7A5A08-C494-44E2-9C09-B276759D57D8}.Debug_mico.Build.0 = Debug|Win32
		{FA7A5A08-C494-44E2-9C09-B276759D57D8}.Debug_orbacus.ActiveCfg = Debug|Win32
		{FA7A5A08-C494-44E2-9C09-B276759D57D8}.Debug_orbacus.Build.0 = Debug|Win32
		{FA7A5A08-C494-44E2-9C09-B276759D57D8}.Debug_tao.ActiveCfg = Debug|Win32
		{FA7A5A08-C494-44E2-9C09-B276759D57D8}.Debug_tao.Build.0 = Debug|Win32
		{FA7A5A08-C494-44E2-9C09-B276759D57D8}.Release.ActiveCfg = Release|Win32
		{FA7A5A08-C494-44E2-9C09-B276759D57D8}.Release.Build.0 = Release|Win32
		{FA7A5A08-C494-44E2-9C09-B276759D57D8}.Release_orbacus.ActiveCfg = Release|Win32
		{FA7A5A08-C494-44E2-9C09-B276759D57D8}.Release_orbacus.Build.0 = Release|Win32
	EndGlobalSection
	GlobalSection(ExtensibilityGlobals) = postSolution
	EndGlobalSection
	GlobalSection(ExtensibilityAddIns) = postSolution
	EndGlobalSection
EndGlobal
